{
  "version": 4,
  "terraform_version": "1.15.8",
  "serial": 23,
  "lineage": "ba17f004-0131-9a1f-d920-14512bd9a314",
  "outputs": {
    "cluster_arn": {
      "value": "arn:aws:eks:ap-south-1:746760141698:cluster/crystal-production-eks",
      "type": "string"
    },
    "cluster_certificate_authority_data": {
      "value": "LS0tLS1CRUdJTiBDRVJUSUZJQ0FURS0tLS0tCk1JSURCVENDQWUyZ0F3SUJBZ0lJSkRGaWZLQzFwTVl3RFFZSktvWklodmNOQVFFTEJRQXdGVEVUTUJFR0ExVUUKQXhNS2EzVmlaWEp1WlhSbGN6QWVGdzB5TmpBNE1ERXhNVE0yTXpkYUZ3MHpOakEzTWpreE1UUXhNemRhTUJVeApFekFSQmdOVkJBTVRDbXQxWW1WeWJtVjBaWE13Z2dFaU1BMEdDU3FHU0liM0RRRUJBUVVBQTRJQkR3QXdnZ0VLCkFvSUJBUURZdVduWFZvRkYzMzZOUTRtdWl4RHA0UUxkaEpqeEdTVWVsVHdzc2N2NWJ3eGhDRGVoUU51cHkwaVQKYjdETFBJeDRoK2NTK1hYK0s3RGVRTEpscUNaakJoMjVnbC9RL2MrSHBrbnE5ZEVNeUg5T25leGxyYnNQbWlBNApLM2FnUnNLY2xka09aWjJKK256RUZXclh3YzFwdUtpS2NsdngzNFhPanVmd0FTcnVmbDhoUDhOakk5ZzZRRTNVClljdkQvTTkwd3lSMjdJYWdCemtmaXRTTGFqZlBINVFtMld5eHhTZXhETXB4NnBlSXdlc3J5WG9DYmdaU09jb0kKdytQUEdGSC90UFl6MHVKeDJuTHhtQkJwUDhZbVI1bklYLzVtdU5MTWJYS0pNeE5kVHRXRldITkcvM1B0L3dxQwpiL2w0cG1XbmRhaWFHajl0WmtpQy9hZW5MK2FsQWdNQkFBR2pXVEJYTUE0R0ExVWREd0VCL3dRRUF3SUNwREFQCkJnTlZIUk1CQWY4RUJUQURBUUgvTUIwR0ExVWREZ1FXQkJRV0RGTDhEbjFzOUFBVFJxRXczZ0RreElvZWV6QVYKQmdOVkhSRUVEakFNZ2dwcmRXSmxjbTVsZEdWek1BMEdDU3FHU0liM0RRRUJDd1VBQTRJQkFRQ09pMmpGS0V1ZQpxMHdTN3ZUc1BRUWlEVDMyS21WaHlqaTJYL0xHanpJNzhxOE5LSkh2ZWlWTWZPZWg4QWdDRzNzMk9JOXhucnFNCm9SNGs2YnlnZHZNYW02ZFZjVjlmb3orVnlselFNWHVGQThZT0xZdnFVaERiZzRjd0lkMk5LV2diT3dRMUdQQUcKd1l5aktjai9JWW5XTk14ZXJwQlBHdml2WGlaMnB1c1JpWnBWSVlNcWhsZ2RwZzlMS0c1NVVwNzZ0UGo4cGJGNwo4Qnkxc0wyb1lhZDJWNHFhSENIUmhXQ3dTeVZ1NVdFdFN4ZTJLVW85aFYxWmRLTUN4UVRvT0VKbktIcW1FYVlMCndyZXg4bEhrd1ZWQlBhQ0M3c2lxWE5HUlpTZFJSWkkvcEFkbE5yUVdIVkFBbXBqT1JYU3FCcjlxcWFzV0lwQ1IKOGpGUU9tZGFvajZUCi0tLS0tRU5EIENFUlRJRklDQVRFLS0tLS0K",
      "type": "string",
      "sensitive": true
    },
    "cluster_endpoint": {
      "value": "https://9EEDC530FC32AC6EA4D93F1547360647.gr7.ap-south-1.eks.amazonaws.com",
      "type": "string"
    },
    "cluster_id": {
      "value": "crystal-production-eks",
      "type": "string"
    },
    "cluster_name": {
      "value": "crystal-production-eks",
      "type": "string"
    },
    "cluster_oidc_issuer_url": {
      "value": "https://oidc.eks.ap-south-1.amazonaws.com/id/9EEDC530FC32AC6EA4D93F1547360647",
      "type": "string"
    },
    "cluster_role_arn": {
      "value": "arn:aws:iam::746760141698:role/crystal-production-eks-cluster-role",
      "type": "string"
    },
    "cluster_role_name": {
      "value": "crystal-production-eks-cluster-role",
      "type": "string"
    },
    "cluster_security_group_id": {
      "value": "sg-0fc0d2c012ec463b2",
      "type": "string"
    },
    "cluster_status": {
      "value": "ACTIVE",
      "type": "string"
    },
    "cluster_version": {
      "value": "1.34",
      "type": "string"
    },
    "platform_version": {
      "value": "eks.29",
      "type": "string"
    }
  },
  "resources": [
    {
      "mode": "data",
      "type": "terraform_remote_state",
      "name": "networking",
      "provider": "provider[\"terraform.io/builtin/terraform\"]",
      "instances": [
        {
          "schema_version": 0,
          "attributes": {
            "backend": "local",
            "config": {
              "value": {
                "path": "../networking/terraform.tfstate"
              },
              "type": [
                "object",
                {
                  "path": "string"
                }
              ]
            },
            "defaults": null,
            "outputs": {
              "value": {
                "bastion_security_group_arn": "arn:aws:ec2:ap-south-1:746760141698:security-group/sg-0beffbefbd3048a23",
                "bastion_security_group_id": "sg-0beffbefbd3048a23",
                "internet_gateway_arn": "arn:aws:ec2:ap-south-1:746760141698:internet-gateway/igw-0bfd1fe4ddf2225f9",
                "internet_gateway_id": "igw-0bfd1fe4ddf2225f9",
                "nat_gateway_elastic_ip": "65.0.218.0",
                "nat_gateway_elastic_ip_allocation_id": "eipalloc-0a5f9883b39c7a97b",
                "nat_gateway_id": "nat-0544abf333010b983",
                "nat_gateway_private_ip": "10.2.1.156",
                "nat_gateway_public_ip": "65.0.218.0",
                "private_route_table_arn": "arn:aws:ec2:ap-south-1:746760141698:route-table/rtb-00d43ee5dffb92caf",
                "private_route_table_id": "rtb-00d43ee5dffb92caf",
                "private_subnet_ids": {
                  "crystal-prod-private-subnet-a": "subnet-00e52cdfdac9f330a",
                  "crystal-prod-private-subnet-b": "subnet-007c5eec701ca06ef"
                },
                "public_route_table_arn": "arn:aws:ec2:ap-south-1:746760141698:route-table/rtb-04512183b526bb0f6",
                "public_route_table_id": "rtb-04512183b526bb0f6",
                "public_subnet_ids": {
                  "crystal-prod-public-subnet-a": "subnet-0efa15a86492442c0",
                  "crystal-prod-public-subnet-b": "subnet-0120c325be64e5677"
                },
                "vpc_arn": "arn:aws:ec2:ap-south-1:746760141698:vpc/vpc-0e75815bda5198e04",
                "vpc_cidr": "10.2.0.0/16",
                "vpc_id": "vpc-0e75815bda5198e04",
                "vpc_peering_connection_id": "pcx-08556e641313e1466"
              },
              "type": [
                "object",
                {
                  "bastion_security_group_arn": "string",
                  "bastion_security_group_id": "string",
                  "internet_gateway_arn": "string",
                  "internet_gateway_id": "string",
                  "nat_gateway_elastic_ip": "string",
                  "nat_gateway_elastic_ip_allocation_id": "string",
                  "nat_gateway_id": "string",
                  "nat_gateway_private_ip": "string",
                  "nat_gateway_public_ip": "string",
                  "private_route_table_arn": "string",
                  "private_route_table_id": "string",
                  "private_subnet_ids": [
                    "object",
                    {
                      "crystal-prod-private-subnet-a": "string",
                      "crystal-prod-private-subnet-b": "string"
                    }
                  ],
                  "public_route_table_arn": "string",
                  "public_route_table_id": "string",
                  "public_subnet_ids": [
                    "object",
                    {
                      "crystal-prod-public-subnet-a": "string",
                      "crystal-prod-public-subnet-b": "string"
                    }
                  ],
                  "vpc_arn": "string",
                  "vpc_cidr": "string",
                  "vpc_id": "string",
                  "vpc_peering_connection_id": "string"
                }
              ]
            },
            "workspace": null
          },
          "sensitive_attributes": [],
          "identity_schema_version": 0
        }
      ]
    },
    {
      "mode": "data",
      "type": "terraform_remote_state",
      "name": "shared_services_management",
      "provider": "provider[\"terraform.io/builtin/terraform\"]",
      "instances": [
        {
          "schema_version": 0,
          "attributes": {
            "backend": "local",
            "config": {
              "value": {
                "path": "../../shared-services/management/terraform.tfstate"
              },
              "type": [
                "object",
                {
                  "path": "string"
                }
              ]
            },
            "defaults": null,
            "outputs": {
              "value": {
                "iam_role_arn": "arn:aws:iam::133644693386:role/crystal-management-role",
                "iam_role_name": "crystal-management-role",
                "instance_profile_arn": "arn:aws:iam::133644693386:instance-profile/crystal-management-instance-profile",
                "instance_profile_name": "crystal-management-instance-profile",
                "key_fingerprint": "ec:28:89:4a:b5:06:5b:07:7e:f7:1e:d2:f2:44:d3:fd",
                "key_name": "crystal-management-key",
                "management_security_group_id": "sg-0e1fc7c35e0c5f191",
                "management_subnet_id": "subnet-0d6cf643ad3940304",
                "private_key_file": "../../../keys/crystal-management.pem"
              },
              "type": [
                "object",
                {
                  "iam_role_arn": "string",
                  "iam_role_name": "string",
                  "instance_profile_arn": "string",
                  "instance_profile_name": "string",
                  "key_fingerprint": "string",
                  "key_name": "string",
                  "management_security_group_id": "string",
                  "management_subnet_id": "string",
                  "private_key_file": "string"
                }
              ]
            },
            "workspace": null
          },
          "sensitive_attributes": [],
          "identity_schema_version": 0
        }
      ]
    },
    {
      "mode": "managed",
      "type": "aws_security_group_rule",
      "name": "bastion_to_eks_api",
      "provider": "provider[\"registry.terraform.io/hashicorp/aws\"]",
      "instances": [
        {
          "schema_version": 2,
          "attributes": {
            "cidr_blocks": null,
            "description": "Allow Bastion to access EKS Kubernetes API",
            "from_port": 443,
            "id": "sgrule-961437248",
            "ipv6_cidr_blocks": null,
            "prefix_list_ids": null,
            "protocol": "tcp",
            "region": "ap-south-1",
            "security_group_id": "sg-0fc0d2c012ec463b2",
            "security_group_rule_id": "sgr-0037095e2e1a4ba08",
            "self": false,
            "source_security_group_id": "sg-0beffbefbd3048a23",
            "timeouts": null,
            "to_port": 443,
            "type": "ingress"
          },
          "sensitive_attributes": [],
          "identity_schema_version": 0,
          "private": "eyJlMmJmYjczMC1lY2FhLTExZTYtOGY4OC0zNDM2M2JjN2M0YzAiOnsiY3JlYXRlIjozMDAwMDAwMDAwMDB9LCJzY2hlbWFfdmVyc2lvbiI6IjIifQ==",
          "dependencies": [
            "data.terraform_remote_state.networking",
            "module.eks_cluster_iam_role.aws_iam_role.this",
            "module.eks_cluster_iam_role.aws_iam_role_policy_attachment.managed",
            "module.eks_cluster_iam_role.data.aws_iam_policy_document.assume_role",
            "module.production_eks_cluster.aws_eks_cluster.this"
          ]
        }
      ]
    },
    {
      "mode": "managed",
      "type": "aws_security_group_rule",
      "name": "management_to_eks_api",
      "provider": "provider[\"registry.terraform.io/hashicorp/aws\"]",
      "instances": [
        {
          "schema_version": 2,
          "attributes": {
            "cidr_blocks": null,
            "description": "Allow Shared Services Management Server (Rancher) to access EKS Kubernetes API",
            "from_port": 443,
            "id": "sgrule-1433137974",
            "ipv6_cidr_blocks": null,
            "prefix_list_ids": null,
            "protocol": "tcp",
            "region": "ap-south-1",
            "security_group_id": "sg-0fc0d2c012ec463b2",
            "security_group_rule_id": "sgr-03fe17eb4bd58e66d",
            "self": false,
            "source_security_group_id": "sg-0e1fc7c35e0c5f191",
            "timeouts": null,
            "to_port": 443,
            "type": "ingress"
          },
          "sensitive_attributes": [],
          "identity_schema_version": 0,
          "private": "eyJlMmJmYjczMC1lY2FhLTExZTYtOGY4OC0zNDM2M2JjN2M0YzAiOnsiY3JlYXRlIjozMDAwMDAwMDAwMDB9LCJzY2hlbWFfdmVyc2lvbiI6IjIifQ==",
          "dependencies": [
            "data.terraform_remote_state.networking",
            "data.terraform_remote_state.shared_services_management",
            "module.eks_cluster_iam_role.aws_iam_role.this",
            "module.eks_cluster_iam_role.aws_iam_role_policy_attachment.managed",
            "module.eks_cluster_iam_role.data.aws_iam_policy_document.assume_role",
            "module.production_eks_cluster.aws_eks_cluster.this"
          ]
        }
      ]
    },
    {
      "module": "module.eks_cluster_iam_role",
      "mode": "data",
      "type": "aws_iam_policy_document",
      "name": "assume_role",
      "provider": "provider[\"registry.terraform.io/hashicorp/aws\"]",
      "instances": [
        {
          "schema_version": 0,
          "attributes": {
            "id": "3552664922",
            "json": "{\n  \"Version\": \"2012-10-17\",\n  \"Statement\": [\n    {\n      \"Effect\": \"Allow\",\n      \"Action\": \"sts:AssumeRole\",\n      \"Principal\": {\n        \"Service\": \"eks.amazonaws.com\"\n      }\n    }\n  ]\n}",
            "minified_json": "{\"Version\":\"2012-10-17\",\"Statement\":[{\"Effect\":\"Allow\",\"Action\":\"sts:AssumeRole\",\"Principal\":{\"Service\":\"eks.amazonaws.com\"}}]}",
            "override_json": null,
            "override_policy_documents": null,
            "policy_id": null,
            "source_json": null,
            "source_policy_documents": null,
            "statement": [
              {
                "actions": [
                  "sts:AssumeRole"
                ],
                "condition": [],
                "effect": "Allow",
                "not_actions": [],
                "not_principals": [],
                "not_resources": [],
                "principals": [
                  {
                    "identifiers": [
                      "eks.amazonaws.com"
                    ],
                    "type": "Service"
                  }
                ],
                "resources": [],
                "sid": ""
              }
            ],
            "version": "2012-10-17"
          },
          "sensitive_attributes": [],
          "identity_schema_version": 0
        }
      ]
    },
    {
      "module": "module.eks_cluster_iam_role",
      "mode": "managed",
      "type": "aws_iam_role",
      "name": "this",
      "provider": "provider[\"registry.terraform.io/hashicorp/aws\"]",
      "instances": [
        {
          "schema_version": 0,
          "attributes": {
            "arn": "arn:aws:iam::746760141698:role/crystal-production-eks-cluster-role",
            "assume_role_policy": "{\"Statement\":[{\"Action\":\"sts:AssumeRole\",\"Effect\":\"Allow\",\"Principal\":{\"Service\":\"eks.amazonaws.com\"}}],\"Version\":\"2012-10-17\"}",
            "create_date": "2026-08-01T11:37:28Z",
            "description": "IAM Role for Project Crystal Production EKS Control Plane",
            "force_detach_policies": false,
            "id": "crystal-production-eks-cluster-role",
            "inline_policy": [],
            "managed_policy_arns": [
              "arn:aws:iam::aws:policy/AmazonEKSClusterPolicy",
              "arn:aws:iam::aws:policy/AmazonEKSVPCResourceController"
            ],
            "max_session_duration": 3600,
            "name": "crystal-production-eks-cluster-role",
            "name_prefix": "",
            "path": "/",
            "permissions_boundary": "",
            "tags": {
              "Environment": "Production",
              "ManagedBy": "Terraform",
              "Name": "crystal-production-eks-cluster-role",
              "Project": "Crystal"
            },
            "tags_all": {
              "Environment": "Production",
              "ManagedBy": "Terraform",
              "Name": "crystal-production-eks-cluster-role",
              "Project": "Crystal"
            },
            "unique_id": "AROA23XS7POBEG32UXZ5Y"
          },
          "sensitive_attributes": [],
          "identity_schema_version": 0,
          "identity": {
            "account_id": "746760141698",
            "name": "crystal-production-eks-cluster-role"
          },
          "private": "bnVsbA==",
          "dependencies": [
            "module.eks_cluster_iam_role.data.aws_iam_policy_document.assume_role"
          ]
        }
      ]
    },
    {
      "module": "module.eks_cluster_iam_role",
      "mode": "managed",
      "type": "aws_iam_role_policy_attachment",
      "name": "managed",
      "provider": "provider[\"registry.terraform.io/hashicorp/aws\"]",
      "instances": [
        {
          "index_key": "arn:aws:iam::aws:policy/AmazonEKSClusterPolicy",
          "schema_version": 0,
          "attributes": {
            "id": "crystal-production-eks-cluster-role/arn:aws:iam::aws:policy/AmazonEKSClusterPolicy",
            "policy_arn": "arn:aws:iam::aws:policy/AmazonEKSClusterPolicy",
            "role": "crystal-production-eks-cluster-role"
          },
          "sensitive_attributes": [],
          "identity_schema_version": 0,
          "identity": {
            "account_id": "746760141698",
            "policy_arn": "arn:aws:iam::aws:policy/AmazonEKSClusterPolicy",
            "role": "crystal-production-eks-cluster-role"
          },
          "private": "bnVsbA==",
          "dependencies": [
            "module.eks_cluster_iam_role.aws_iam_role.this",
            "module.eks_cluster_iam_role.data.aws_iam_policy_document.assume_role"
          ]
        },
        {
          "index_key": "arn:aws:iam::aws:policy/AmazonEKSVPCResourceController",
          "schema_version": 0,
          "attributes": {
            "id": "crystal-production-eks-cluster-role/arn:aws:iam::aws:policy/AmazonEKSVPCResourceController",
            "policy_arn": "arn:aws:iam::aws:policy/AmazonEKSVPCResourceController",
            "role": "crystal-production-eks-cluster-role"
          },
          "sensitive_attributes": [],
          "identity_schema_version": 0,
          "identity": {
            "account_id": "746760141698",
            "policy_arn": "arn:aws:iam::aws:policy/AmazonEKSVPCResourceController",
            "role": "crystal-production-eks-cluster-role"
          },
          "private": "bnVsbA==",
          "dependencies": [
            "module.eks_cluster_iam_role.aws_iam_role.this",
            "module.eks_cluster_iam_role.data.aws_iam_policy_document.assume_role"
          ]
        }
      ]
    },
    {
      "module": "module.production_eks_cluster",
      "mode": "managed",
      "type": "aws_eks_cluster",
      "name": "this",
      "provider": "provider[\"registry.terraform.io/hashicorp/aws\"]",
      "instances": [
        {
          "schema_version": 1,
          "attributes": {
            "access_config": [
              {
                "authentication_mode": "CONFIG_MAP",
                "bootstrap_cluster_creator_admin_permissions": true
              }
            ],
            "arn": "arn:aws:eks:ap-south-1:746760141698:cluster/crystal-production-eks",
            "bootstrap_self_managed_addons": true,
            "certificate_authority": [
              {
                "data": "LS0tLS1CRUdJTiBDRVJUSUZJQ0FURS0tLS0tCk1JSURCVENDQWUyZ0F3SUJBZ0lJSkRGaWZLQzFwTVl3RFFZSktvWklodmNOQVFFTEJRQXdGVEVUTUJFR0ExVUUKQXhNS2EzVmlaWEp1WlhSbGN6QWVGdzB5TmpBNE1ERXhNVE0yTXpkYUZ3MHpOakEzTWpreE1UUXhNemRhTUJVeApFekFSQmdOVkJBTVRDbXQxWW1WeWJtVjBaWE13Z2dFaU1BMEdDU3FHU0liM0RRRUJBUVVBQTRJQkR3QXdnZ0VLCkFvSUJBUURZdVduWFZvRkYzMzZOUTRtdWl4RHA0UUxkaEpqeEdTVWVsVHdzc2N2NWJ3eGhDRGVoUU51cHkwaVQKYjdETFBJeDRoK2NTK1hYK0s3RGVRTEpscUNaakJoMjVnbC9RL2MrSHBrbnE5ZEVNeUg5T25leGxyYnNQbWlBNApLM2FnUnNLY2xka09aWjJKK256RUZXclh3YzFwdUtpS2NsdngzNFhPanVmd0FTcnVmbDhoUDhOakk5ZzZRRTNVClljdkQvTTkwd3lSMjdJYWdCemtmaXRTTGFqZlBINVFtMld5eHhTZXhETXB4NnBlSXdlc3J5WG9DYmdaU09jb0kKdytQUEdGSC90UFl6MHVKeDJuTHhtQkJwUDhZbVI1bklYLzVtdU5MTWJYS0pNeE5kVHRXRldITkcvM1B0L3dxQwpiL2w0cG1XbmRhaWFHajl0WmtpQy9hZW5MK2FsQWdNQkFBR2pXVEJYTUE0R0ExVWREd0VCL3dRRUF3SUNwREFQCkJnTlZIUk1CQWY4RUJUQURBUUgvTUIwR0ExVWREZ1FXQkJRV0RGTDhEbjFzOUFBVFJxRXczZ0RreElvZWV6QVYKQmdOVkhSRUVEakFNZ2dwcmRXSmxjbTVsZEdWek1BMEdDU3FHU0liM0RRRUJDd1VBQTRJQkFRQ09pMmpGS0V1ZQpxMHdTN3ZUc1BRUWlEVDMyS21WaHlqaTJYL0xHanpJNzhxOE5LSkh2ZWlWTWZPZWg4QWdDRzNzMk9JOXhucnFNCm9SNGs2YnlnZHZNYW02ZFZjVjlmb3orVnlselFNWHVGQThZT0xZdnFVaERiZzRjd0lkMk5LV2diT3dRMUdQQUcKd1l5aktjai9JWW5XTk14ZXJwQlBHdml2WGlaMnB1c1JpWnBWSVlNcWhsZ2RwZzlMS0c1NVVwNzZ0UGo4cGJGNwo4Qnkxc0wyb1lhZDJWNHFhSENIUmhXQ3dTeVZ1NVdFdFN4ZTJLVW85aFYxWmRLTUN4UVRvT0VKbktIcW1FYVlMCndyZXg4bEhrd1ZWQlBhQ0M3c2lxWE5HUlpTZFJSWkkvcEFkbE5yUVdIVkFBbXBqT1JYU3FCcjlxcWFzV0lwQ1IKOGpGUU9tZGFvajZUCi0tLS0tRU5EIENFUlRJRklDQVRFLS0tLS0K"
              }
            ],
            "cluster_id": null,
            "compute_config": [
              {
                "enabled": false,
                "node_pools": [],
                "node_role_arn": ""
              }
            ],
            "control_plane_scaling_config": [
              {
                "tier": "standard"
              }
            ],
            "created_at": "2026-08-01T11:37:32Z",
            "deletion_protection": false,
            "enabled_cluster_log_types": [],
            "encryption_config": [],
            "endpoint": "https://9EEDC530FC32AC6EA4D93F1547360647.gr7.ap-south-1.eks.amazonaws.com",
            "force_update_version": null,
            "id": "crystal-production-eks",
            "identity": [
              {
                "oidc": [
                  {
                    "issuer": "https://oidc.eks.ap-south-1.amazonaws.com/id/9EEDC530FC32AC6EA4D93F1547360647"
                  }
                ]
              }
            ],
            "kubernetes_network_config": [
              {
                "elastic_load_balancing": [
                  {
                    "enabled": false
                  }
                ],
                "ip_family": "ipv4",
                "service_ipv4_cidr": "172.20.0.0/16",
                "service_ipv6_cidr": ""
              }
            ],
            "name": "crystal-production-eks",
            "outpost_config": [],
            "platform_version": "eks.29",
            "region": "ap-south-1",
            "remote_network_config": [],
            "role_arn": "arn:aws:iam::746760141698:role/crystal-production-eks-cluster-role",
            "status": "ACTIVE",
            "storage_config": [
              {
                "block_storage": [
                  {
                    "enabled": false
                  }
                ]
              }
            ],
            "tags": {
              "Environment": "Production",
              "ManagedBy": "Terraform",
              "Name": "crystal-production-eks",
              "Project": "Crystal"
            },
            "tags_all": {
              "Environment": "Production",
              "ManagedBy": "Terraform",
              "Name": "crystal-production-eks",
              "Project": "Crystal"
            },
            "timeouts": null,
            "upgrade_policy": [
              {
                "support_type": "EXTENDED"
              }
            ],
            "version": "1.34",
            "vpc_config": [
              {
                "cluster_security_group_id": "sg-0fc0d2c012ec463b2",
                "control_plane_egress_mode": "AWS_MANAGED",
                "endpoint_private_access": true,
                "endpoint_public_access": true,
                "public_access_cidrs": [
                  "103.235.0.227/32",
                  "45.127.44.82/32"
                ],
                "security_group_ids": [],
                "subnet_ids": [
                  "subnet-007c5eec701ca06ef",
                  "subnet-00e52cdfdac9f330a"
                ],
                "vpc_id": "vpc-0e75815bda5198e04"
              }
            ],
            "zonal_shift_config": []
          },
          "sensitive_attributes": [],
          "identity_schema_version": 0,
          "identity": {
            "account_id": "746760141698",
            "name": "crystal-production-eks",
            "region": "ap-south-1"
          },
          "private": "eyJlMmJmYjczMC1lY2FhLTExZTYtOGY4OC0zNDM2M2JjN2M0YzAiOnsiY3JlYXRlIjoxODAwMDAwMDAwMDAwLCJkZWxldGUiOjkwMDAwMDAwMDAwMCwidXBkYXRlIjozNjAwMDAwMDAwMDAwfSwic2NoZW1hX3ZlcnNpb24iOiIxIn0=",
          "dependencies": [
            "data.terraform_remote_state.networking",
            "module.eks_cluster_iam_role.aws_iam_role.this",
            "module.eks_cluster_iam_role.aws_iam_role_policy_attachment.managed",
            "module.eks_cluster_iam_role.data.aws_iam_policy_document.assume_role"
          ]
        }
      ]
    }
  ],
  "check_results": null
}
