{
  "version": 4,
  "terraform_version": "1.15.8",
  "serial": 6,
  "lineage": "ffffde48-4112-2d32-5dd7-191a1a44cdc9",
  "outputs": {
    "ami_type": {
      "value": "AL2023_x86_64_STANDARD",
      "type": "string"
    },
    "capacity_type": {
      "value": "ON_DEMAND",
      "type": "string"
    },
    "desired_size": {
      "value": 2,
      "type": "number"
    },
    "instance_types": {
      "value": [
        "t3.medium"
      ],
      "type": [
        "list",
        "string"
      ]
    },
    "max_size": {
      "value": 2,
      "type": "number"
    },
    "min_size": {
      "value": 2,
      "type": "number"
    },
    "node_group_name": {
      "value": "crystal-production-node-group",
      "type": "string"
    },
    "node_role_arn": {
      "value": "arn:aws:iam::746760141698:role/crystal-production-node-role",
      "type": "string"
    },
    "node_role_name": {
      "value": "crystal-production-node-role",
      "type": "string"
    }
  },
  "resources": [
    {
      "mode": "data",
      "type": "terraform_remote_state",
      "name": "eks_cluster",
      "provider": "provider[\"terraform.io/builtin/terraform\"]",
      "instances": [
        {
          "schema_version": 0,
          "attributes": {
            "backend": "local",
            "config": {
              "value": {
                "path": "../eks-cluster/terraform.tfstate"
              },
              "type": [
                "object",
                {
                  "path": "string"
                }
              ]
            },
            "defaults": null,
            "outputs": {
              "value": {
                "cluster_arn": "arn:aws:eks:ap-south-1:746760141698:cluster/crystal-production-eks",
                "cluster_certificate_authority_data": "LS0tLS1CRUdJTiBDRVJUSUZJQ0FURS0tLS0tCk1JSURCVENDQWUyZ0F3SUJBZ0lJSVh5MldJM0hodXN3RFFZSktvWklodmNOQVFFTEJRQXdGVEVUTUJFR0ExVUUKQXhNS2EzVmlaWEp1WlhSbGN6QWVGdzB5TmpBM016QXhNak13TlRWYUZ3MHpOakEzTWpjeE1qTTFOVFZhTUJVeApFekFSQmdOVkJBTVRDbXQxWW1WeWJtVjBaWE13Z2dFaU1BMEdDU3FHU0liM0RRRUJBUVVBQTRJQkR3QXdnZ0VLCkFvSUJBUUNxOERUVFo4UXRnOXlscjBnS2pFOWlGcTlzYlNFYmU1aHZpbTdmY2NOa3BDWHQwNjBtQ1NaazV5dlkKajRCYzg5aUphQnNGNFZsa3NzclFqWTF4U25ncVcweGwwWEVVa1B2NGEzeCtLNG9rTlBUQUVReHBKME5BYmt0Qwo4bENMVXEwNUJaelROY0RaVzNvMzQ0bUhHak41QmtjaFdiQTV5dXN5a2FZcGxPSWxXZlhaOHFJbzVWWUs4d01DCkdMdk1nOXNOUjRBYTNOK2RjR1VOOW1jK1JoaHF1bVUxamhZei9jNGJZUnBFSUJuVXk1bUc3Tkp3dko0OFZiNTQKb0c3SEF4Rk5PblIvRkJNeVdkSXUva0hhOENHRFlSNHNjK0duS3grR3VCZ1dDUmh5cmhPdmxNVVdIUXJYT2dMSwpNalB2Tk42UEhEVkNuY3dzcWxvUWxrZDlEMGhMQWdNQkFBR2pXVEJYTUE0R0ExVWREd0VCL3dRRUF3SUNwREFQCkJnTlZIUk1CQWY4RUJUQURBUUgvTUIwR0ExVWREZ1FXQkJRekdJNkVwd01pQnhjVmFVZDRGbkpZNHBmdHlqQVYKQmdOVkhSRUVEakFNZ2dwcmRXSmxjbTVsZEdWek1BMEdDU3FHU0liM0RRRUJDd1VBQTRJQkFRQXExZ3FUdktVWgpDQWEzaGhIMFdmRHpBdUsxcnNUVSsrUzhjNzYwNHlzLzFFU2NXUEZaRmpOb2ZWTENMZmZuZzVmUkRWMVhTY01wCjlXNnJhZ2pHYmp1enFPNmNNMEJPdG5oQXMwcXJoM2dFbnNaZGZBQzZEVUhSOXVOb1lnZ3FocmlhMlh1QVY3dmcKRVlGb2VXZUphbXZaeCtxUzIrKzFpQ0dpZEsxZE5PS2NkUmdienNMNFg5VVdZb0psbVlWZHZZa1dGRXgwYzZkYwp2d2o4VHlkeVBObWZ2SEhmbDJBMm0yc050Vi9UMHQrMUd1OTd4WVE4ckw4K2JSTmJDa2V0SWU3UmU0RHB3UWEvCmtsdVZVUG4xMGtaVFN3M29Mc3o5dDZ4eEEybVhhV0pDajkyNEhHc1NBdVNwVTNobXl4bk1xQm9GVmdOa1pDR3kKenZzU0xhbnlHYk4vCi0tLS0tRU5EIENFUlRJRklDQVRFLS0tLS0K",
                "cluster_endpoint": "https://51EF9325B07A51C23BAC592A2AC3EDD4.gr7.ap-south-1.eks.amazonaws.com",
                "cluster_id": "crystal-production-eks",
                "cluster_name": "crystal-production-eks",
                "cluster_oidc_issuer_url": "https://oidc.eks.ap-south-1.amazonaws.com/id/51EF9325B07A51C23BAC592A2AC3EDD4",
                "cluster_role_arn": "arn:aws:iam::746760141698:role/crystal-production-eks-cluster-role",
                "cluster_role_name": "crystal-production-eks-cluster-role",
                "cluster_security_group_id": "sg-08dc654e084d620d7",
                "cluster_status": "ACTIVE",
                "cluster_version": "1.34",
                "platform_version": "eks.29"
              },
              "type": [
                "object",
                {
                  "cluster_arn": "string",
                  "cluster_certificate_authority_data": "string",
                  "cluster_endpoint": "string",
                  "cluster_id": "string",
                  "cluster_name": "string",
                  "cluster_oidc_issuer_url": "string",
                  "cluster_role_arn": "string",
                  "cluster_role_name": "string",
                  "cluster_security_group_id": "string",
                  "cluster_status": "string",
                  "cluster_version": "string",
                  "platform_version": "string"
                }
              ]
            },
            "workspace": null
          },
          "sensitive_attributes": [],
          "identity_schema_version": 0
        }
      ]
    },
    {
      "mode": "data",
      "type": "terraform_remote_state",
      "name": "networking",
      "provider": "provider[\"terraform.io/builtin/terraform\"]",
      "instances": [
        {
          "schema_version": 0,
          "attributes": {
            "backend": "local",
            "config": {
              "value": {
                "path": "../networking/terraform.tfstate"
              },
              "type": [
                "object",
                {
                  "path": "string"
                }
              ]
            },
            "defaults": null,
            "outputs": {
              "value": {
                "bastion_security_group_arn": "arn:aws:ec2:ap-south-1:746760141698:security-group/sg-0beffbefbd3048a23",
                "bastion_security_group_id": "sg-0beffbefbd3048a23",
                "internet_gateway_arn": "arn:aws:ec2:ap-south-1:746760141698:internet-gateway/igw-0bfd1fe4ddf2225f9",
                "internet_gateway_id": "igw-0bfd1fe4ddf2225f9",
                "nat_gateway_elastic_ip": "65.0.218.0",
                "nat_gateway_elastic_ip_allocation_id": "eipalloc-0a5f9883b39c7a97b",
                "nat_gateway_id": "nat-0544abf333010b983",
                "nat_gateway_private_ip": "10.2.1.156",
                "nat_gateway_public_ip": "65.0.218.0",
                "private_network_acl_id": "acl-0bda5c0820f5180f7",
                "private_route_table_arn": "arn:aws:ec2:ap-south-1:746760141698:route-table/rtb-00d43ee5dffb92caf",
                "private_route_table_id": "rtb-00d43ee5dffb92caf",
                "private_subnet_ids": {
                  "crystal-prod-private-subnet-a": "subnet-00e52cdfdac9f330a",
                  "crystal-prod-private-subnet-b": "subnet-007c5eec701ca06ef"
                },
                "public_network_acl_id": "acl-041add3f416ae7ced",
                "public_route_table_arn": "arn:aws:ec2:ap-south-1:746760141698:route-table/rtb-04512183b526bb0f6",
                "public_route_table_id": "rtb-04512183b526bb0f6",
                "public_subnet_ids": {
                  "crystal-prod-public-subnet-a": "subnet-0efa15a86492442c0",
                  "crystal-prod-public-subnet-b": "subnet-0120c325be64e5677"
                },
                "vpc_arn": "arn:aws:ec2:ap-south-1:746760141698:vpc/vpc-0e75815bda5198e04",
                "vpc_cidr": "10.2.0.0/16",
                "vpc_id": "vpc-0e75815bda5198e04"
              },
              "type": [
                "object",
                {
                  "bastion_security_group_arn": "string",
                  "bastion_security_group_id": "string",
                  "internet_gateway_arn": "string",
                  "internet_gateway_id": "string",
                  "nat_gateway_elastic_ip": "string",
                  "nat_gateway_elastic_ip_allocation_id": "string",
                  "nat_gateway_id": "string",
                  "nat_gateway_private_ip": "string",
                  "nat_gateway_public_ip": "string",
                  "private_network_acl_id": "string",
                  "private_route_table_arn": "string",
                  "private_route_table_id": "string",
                  "private_subnet_ids": [
                    "object",
                    {
                      "crystal-prod-private-subnet-a": "string",
                      "crystal-prod-private-subnet-b": "string"
                    }
                  ],
                  "public_network_acl_id": "string",
                  "public_route_table_arn": "string",
                  "public_route_table_id": "string",
                  "public_subnet_ids": [
                    "object",
                    {
                      "crystal-prod-public-subnet-a": "string",
                      "crystal-prod-public-subnet-b": "string"
                    }
                  ],
                  "vpc_arn": "string",
                  "vpc_cidr": "string",
                  "vpc_id": "string"
                }
              ]
            },
            "workspace": null
          },
          "sensitive_attributes": [],
          "identity_schema_version": 0
        }
      ]
    },
    {
      "module": "module.eks_node_role",
      "mode": "data",
      "type": "aws_iam_policy_document",
      "name": "assume_role",
      "provider": "provider[\"registry.terraform.io/hashicorp/aws\"]",
      "instances": [
        {
          "schema_version": 0,
          "attributes": {
            "id": "2851119427",
            "json": "{\n  \"Version\": \"2012-10-17\",\n  \"Statement\": [\n    {\n      \"Effect\": \"Allow\",\n      \"Action\": \"sts:AssumeRole\",\n      \"Principal\": {\n        \"Service\": \"ec2.amazonaws.com\"\n      }\n    }\n  ]\n}",
            "minified_json": "{\"Version\":\"2012-10-17\",\"Statement\":[{\"Effect\":\"Allow\",\"Action\":\"sts:AssumeRole\",\"Principal\":{\"Service\":\"ec2.amazonaws.com\"}}]}",
            "override_json": null,
            "override_policy_documents": null,
            "policy_id": null,
            "source_json": null,
            "source_policy_documents": null,
            "statement": [
              {
                "actions": [
                  "sts:AssumeRole"
                ],
                "condition": [],
                "effect": "Allow",
                "not_actions": [],
                "not_principals": [],
                "not_resources": [],
                "principals": [
                  {
                    "identifiers": [
                      "ec2.amazonaws.com"
                    ],
                    "type": "Service"
                  }
                ],
                "resources": [],
                "sid": ""
              }
            ],
            "version": "2012-10-17"
          },
          "sensitive_attributes": [],
          "identity_schema_version": 0
        }
      ]
    },
    {
      "module": "module.eks_node_role",
      "mode": "managed",
      "type": "aws_iam_role",
      "name": "this",
      "provider": "provider[\"registry.terraform.io/hashicorp/aws\"]",
      "instances": [
        {
          "schema_version": 0,
          "attributes": {
            "arn": "arn:aws:iam::746760141698:role/crystal-production-node-role",
            "assume_role_policy": "{\"Statement\":[{\"Action\":\"sts:AssumeRole\",\"Effect\":\"Allow\",\"Principal\":{\"Service\":\"ec2.amazonaws.com\"}}],\"Version\":\"2012-10-17\"}",
            "create_date": "2026-08-01T06:51:32Z",
            "description": "IAM Role for Project Crystal Production EKS Worker Nodes",
            "force_detach_policies": false,
            "id": "crystal-production-node-role",
            "inline_policy": [],
            "managed_policy_arns": [],
            "max_session_duration": 3600,
            "name": "crystal-production-node-role",
            "name_prefix": "",
            "path": "/",
            "permissions_boundary": "",
            "tags": {
              "Environment": "Production",
              "ManagedBy": "Terraform",
              "Name": "crystal-production-node-role",
              "Project": "Crystal"
            },
            "tags_all": {
              "Environment": "Production",
              "ManagedBy": "Terraform",
              "Name": "crystal-production-node-role",
              "Project": "Crystal"
            },
            "unique_id": "AROA23XS7POBFDYVTH7UY"
          },
          "sensitive_attributes": [],
          "identity_schema_version": 0,
          "identity": {
            "account_id": "746760141698",
            "name": "crystal-production-node-role"
          },
          "private": "bnVsbA==",
          "dependencies": [
            "module.eks_node_role.data.aws_iam_policy_document.assume_role"
          ]
        }
      ]
    },
    {
      "module": "module.eks_node_role",
      "mode": "managed",
      "type": "aws_iam_role_policy_attachment",
      "name": "managed",
      "provider": "provider[\"registry.terraform.io/hashicorp/aws\"]",
      "instances": [
        {
          "index_key": "arn:aws:iam::aws:policy/AmazonEC2ContainerRegistryPullOnly",
          "schema_version": 0,
          "attributes": {
            "id": "crystal-production-node-role/arn:aws:iam::aws:policy/AmazonEC2ContainerRegistryPullOnly",
            "policy_arn": "arn:aws:iam::aws:policy/AmazonEC2ContainerRegistryPullOnly",
            "role": "crystal-production-node-role"
          },
          "sensitive_attributes": [],
          "identity_schema_version": 0,
          "identity": {
            "account_id": "746760141698",
            "policy_arn": "arn:aws:iam::aws:policy/AmazonEC2ContainerRegistryPullOnly",
            "role": "crystal-production-node-role"
          },
          "private": "bnVsbA==",
          "dependencies": [
            "module.eks_node_role.aws_iam_role.this",
            "module.eks_node_role.data.aws_iam_policy_document.assume_role"
          ]
        },
        {
          "index_key": "arn:aws:iam::aws:policy/AmazonEKSWorkerNodePolicy",
          "schema_version": 0,
          "attributes": {
            "id": "crystal-production-node-role/arn:aws:iam::aws:policy/AmazonEKSWorkerNodePolicy",
            "policy_arn": "arn:aws:iam::aws:policy/AmazonEKSWorkerNodePolicy",
            "role": "crystal-production-node-role"
          },
          "sensitive_attributes": [],
          "identity_schema_version": 0,
          "identity": {
            "account_id": "746760141698",
            "policy_arn": "arn:aws:iam::aws:policy/AmazonEKSWorkerNodePolicy",
            "role": "crystal-production-node-role"
          },
          "private": "bnVsbA==",
          "dependencies": [
            "module.eks_node_role.aws_iam_role.this",
            "module.eks_node_role.data.aws_iam_policy_document.assume_role"
          ]
        },
        {
          "index_key": "arn:aws:iam::aws:policy/AmazonEKS_CNI_Policy",
          "schema_version": 0,
          "attributes": {
            "id": "crystal-production-node-role/arn:aws:iam::aws:policy/AmazonEKS_CNI_Policy",
            "policy_arn": "arn:aws:iam::aws:policy/AmazonEKS_CNI_Policy",
            "role": "crystal-production-node-role"
          },
          "sensitive_attributes": [],
          "identity_schema_version": 0,
          "identity": {
            "account_id": "746760141698",
            "policy_arn": "arn:aws:iam::aws:policy/AmazonEKS_CNI_Policy",
            "role": "crystal-production-node-role"
          },
          "private": "bnVsbA==",
          "dependencies": [
            "module.eks_node_role.aws_iam_role.this",
            "module.eks_node_role.data.aws_iam_policy_document.assume_role"
          ]
        }
      ]
    },
    {
      "module": "module.production_eks_node_group",
      "mode": "managed",
      "type": "aws_eks_node_group",
      "name": "this",
      "provider": "provider[\"registry.terraform.io/hashicorp/aws\"]",
      "instances": [
        {
          "status": "tainted",
          "schema_version": 0,
          "attributes": {
            "ami_type": "AL2023_x86_64_STANDARD",
            "arn": null,
            "capacity_type": "ON_DEMAND",
            "cluster_name": "crystal-production-eks",
            "disk_size": 20,
            "force_update_version": null,
            "id": "crystal-production-eks:crystal-production-node-group",
            "instance_types": [
              "t3.medium"
            ],
            "labels": {
              "Environment": "Production",
              "NodeGroup": "Primary"
            },
            "launch_template": [],
            "node_group_name": "crystal-production-node-group",
            "node_group_name_prefix": null,
            "node_repair_config": null,
            "node_role_arn": "arn:aws:iam::746760141698:role/crystal-production-node-role",
            "region": "ap-south-1",
            "release_version": null,
            "remote_access": [],
            "resources": null,
            "scaling_config": [
              {
                "desired_size": 2,
                "max_size": 2,
                "min_size": 2
              }
            ],
            "status": null,
            "subnet_ids": [
              "subnet-007c5eec701ca06ef",
              "subnet-00e52cdfdac9f330a"
            ],
            "tags": {
              "Environment": "Production",
              "ManagedBy": "Terraform",
              "Name": "crystal-production-node-group",
              "Project": "Crystal"
            },
            "tags_all": {
              "Environment": "Production",
              "ManagedBy": "Terraform",
              "Name": "crystal-production-node-group",
              "Project": "Crystal"
            },
            "taint": [],
            "timeouts": {
              "create": "45m",
              "delete": "45m",
              "update": "60m"
            },
            "update_config": [
              {
                "max_unavailable": 1,
                "max_unavailable_percentage": 0,
                "update_strategy": ""
              }
            ],
            "version": null,
            "warm_pool_config": []
          },
          "sensitive_attributes": [],
          "identity_schema_version": 0,
          "private": "eyJlMmJmYjczMC1lY2FhLTExZTYtOGY4OC0zNDM2M2JjN2M0YzAiOnsiY3JlYXRlIjoyNzAwMDAwMDAwMDAwLCJkZWxldGUiOjI3MDAwMDAwMDAwMDAsInVwZGF0ZSI6MzYwMDAwMDAwMDAwMH19",
          "dependencies": [
            "data.terraform_remote_state.eks_cluster",
            "data.terraform_remote_state.networking",
            "module.eks_node_role.aws_iam_role.this",
            "module.eks_node_role.aws_iam_role_policy_attachment.managed",
            "module.eks_node_role.data.aws_iam_policy_document.assume_role"
          ]
        }
      ]
    }
  ],
  "check_results": null
}
