{
  "version": 4,
  "terraform_version": "1.15.8",
  "serial": 4,
  "lineage": "2fb77227-3d3c-c602-e383-498b65cabd68",
  "outputs": {
    "cicd_cluster_role_binding_name": {
      "value": "crystal-cicd-cluster-admin",
      "type": "string"
    },
    "cicd_service_account_name": {
      "value": "crystal-cicd",
      "type": "string"
    },
    "cicd_service_account_namespace": {
      "value": "kube-system",
      "type": "string"
    },
    "platform_admin_binding_name": {
      "value": "crystal-platform-admin",
      "type": "string"
    }
  },
  "resources": [
    {
      "mode": "data",
      "type": "aws_eks_cluster_auth",
      "name": "this",
      "provider": "provider[\"registry.terraform.io/hashicorp/aws\"]",
      "instances": [
        {
          "schema_version": 0,
          "attributes": {
            "id": "crystal-production-eks",
            "name": "crystal-production-eks",
            "region": "ap-south-1",
            "token": "k8s-aws-v1.aHR0cHM6Ly9zdHMuYXAtc291dGgtMS5hbWF6b25hd3MuY29tLz9BY3Rpb249R2V0Q2FsbGVySWRlbnRpdHkmVmVyc2lvbj0yMDExLTA2LTE1JlgtQW16LUFsZ29yaXRobT1BV1M0LUhNQUMtU0hBMjU2JlgtQW16LUNyZWRlbnRpYWw9QVNJQTIzWFM3UE9CQklSUjM3V1AlMkYyMDI2MDgwMiUyRmFwLXNvdXRoLTElMkZzdHMlMkZhd3M0X3JlcXVlc3QmWC1BbXotRGF0ZT0yMDI2MDgwMlQxMTI4MTdaJlgtQW16LUV4cGlyZXM9MCZYLUFtei1TZWN1cml0eS1Ub2tlbj1JUW9KYjNKcFoybHVYMlZqRUJNYUNtRndMWE52ZFhSb0xURWlSakJFQWlCT0xCOXpBQUJkOVl1RTlyNHRQS21ZdkNHZXRIeXJmOEhvanNuNHZtQ1lDd0lnWEVYWlczbGNXc3pmaHo4ME16SjFBczltZHd2Y1ZzU3UzRHpPWjNjbTY1b3Ewd01JM2YlMkYlMkYlMkYlMkYlMkYlMkYlMkYlMkYlMkYlMkZBUkFBR2d3M05EWTNOakF4TkRFMk9UZ2lERG1DMHJZN2dLNER2YSUyQmR6eXFuQTlSUUpMdUxUbkZ0UVBscjBhMTdRYUVldzglMkYzT0tuWHJscnJBOXAlMkZSRGpmZzJpbk5LZ2tldWhiNmx2TGd4YkRGayUyRndLcG1ld0NnU3VWRU1aT3N4JTJGZFV1VmFNakxJeVpFUDhaMURObmZKYWc3MGFYRFhrRUlxc2RINm9tS0wlMkZwT2hvRzl1NDA0TTRMRlk3ZCUyRmdWJTJCUmIwVWozRzFicU9ZNGZRZTRDalQyWFlBSEclMkJqcmFFTkM3ekNJJTJGdnBEdlV4SlRTTSUyQm5xa2tRJTJCVFRROFpkUTN2cWxSSzFUNiUyRlRndkhsa2FGRGdqSW1ibmxrQmtlMzBVUDdCSmR6WUhacFp0VVJuZlV5RjJCZGIxeWZlS3RTUlBvTXFIOFFGY2dvSjd6UzhaMkZGZ2tFSnczVGtCRVh0RXFkJTJCamh5bkkzYk00a3JFVyUyQm55R3pIRGpSYTd5b2JKbEhFem9yVEJvcFFjQzdHUSUyQjh3NTh3MVFRR1Awb01EN2JRZmRtcVlmQTklMkJTbUxMeHhLSUVLMU1EVyUyRk9CbkZ1bW1OcGxZZzU1V3hlJTJGY0k4cmRDR1BxSGtnZExjQTIlMkZ3NHpXZW9jYlExNXh2Z1pXYnFKRXdvQTh2aFZlQVFQdDVLZk1LdVNlZSUyRjJDYk9SckFUeFBZYUhpOWJtd2clMkJ0THV1bjdUcUg1MkhSU0doY3JSeWlDMXRMQ0hnemwwOUFOVmFzWjYyMHd5d3VGWkg4WnNqRTlwNjVXJTJGMXFjWWpKdndzemNzekRRMDd6VEJqcXBBUXE0UTdKVndJQzBTNHhlN1BxY0Z2NDQ2R201eXhWbFZTJTJGWXF6VVUzdGh1ZVF4bTMlMkJaQ04ybmVlUXppVWlwZXJFTFdHN29sUjFOTzNTeUVXZGF6a3l3OHlmWHhZcURUd00yMXRtc29wZVk3TDNITjBuMWxXb0IzTENjJTJCZDQ4JTJCa2trZHlUZEp2TTdoNGFTaGxnV1FJZlBHV3Z2eXBuVFVkRSUyRmJ2cnI0YWZSODg2aWklMkZxTHR6dHJ1TkJ0cUk3cndrY0ZKaFYlMkZRJTJCZGp6MDQ5S2c0SWN1SHV1Yk1xM3h1UE5vM0ElM0QmWC1BbXotU2lnbmVkSGVhZGVycz1ob3N0JTNCeC1rOHMtYXdzLWlkJlgtQW16LVNpZ25hdHVyZT1mYjIxMWUxMWRjZDgxYmZjYTBmODcxMmZhZmNlNzA5ODQzNDlmNjUwMDQzMGMyOGFhMzIxMzQ3Njk2NmU4Y2I0"
          },
          "sensitive_attributes": [
            [
              {
                "type": "get_attr",
                "value": "token"
              }
            ]
          ],
          "identity_schema_version": 0
        }
      ]
    },
    {
      "mode": "data",
      "type": "terraform_remote_state",
      "name": "eks_cluster",
      "provider": "provider[\"terraform.io/builtin/terraform\"]",
      "instances": [
        {
          "schema_version": 0,
          "attributes": {
            "backend": "local",
            "config": {
              "value": {
                "path": "../eks-cluster/terraform.tfstate"
              },
              "type": [
                "object",
                {
                  "path": "string"
                }
              ]
            },
            "defaults": null,
            "outputs": {
              "value": {
                "cluster_arn": "arn:aws:eks:ap-south-1:746760141698:cluster/crystal-production-eks",
                "cluster_certificate_authority_data": "LS0tLS1CRUdJTiBDRVJUSUZJQ0FURS0tLS0tCk1JSURCVENDQWUyZ0F3SUJBZ0lJSkRGaWZLQzFwTVl3RFFZSktvWklodmNOQVFFTEJRQXdGVEVUTUJFR0ExVUUKQXhNS2EzVmlaWEp1WlhSbGN6QWVGdzB5TmpBNE1ERXhNVE0yTXpkYUZ3MHpOakEzTWpreE1UUXhNemRhTUJVeApFekFSQmdOVkJBTVRDbXQxWW1WeWJtVjBaWE13Z2dFaU1BMEdDU3FHU0liM0RRRUJBUVVBQTRJQkR3QXdnZ0VLCkFvSUJBUURZdVduWFZvRkYzMzZOUTRtdWl4RHA0UUxkaEpqeEdTVWVsVHdzc2N2NWJ3eGhDRGVoUU51cHkwaVQKYjdETFBJeDRoK2NTK1hYK0s3RGVRTEpscUNaakJoMjVnbC9RL2MrSHBrbnE5ZEVNeUg5T25leGxyYnNQbWlBNApLM2FnUnNLY2xka09aWjJKK256RUZXclh3YzFwdUtpS2NsdngzNFhPanVmd0FTcnVmbDhoUDhOakk5ZzZRRTNVClljdkQvTTkwd3lSMjdJYWdCemtmaXRTTGFqZlBINVFtMld5eHhTZXhETXB4NnBlSXdlc3J5WG9DYmdaU09jb0kKdytQUEdGSC90UFl6MHVKeDJuTHhtQkJwUDhZbVI1bklYLzVtdU5MTWJYS0pNeE5kVHRXRldITkcvM1B0L3dxQwpiL2w0cG1XbmRhaWFHajl0WmtpQy9hZW5MK2FsQWdNQkFBR2pXVEJYTUE0R0ExVWREd0VCL3dRRUF3SUNwREFQCkJnTlZIUk1CQWY4RUJUQURBUUgvTUIwR0ExVWREZ1FXQkJRV0RGTDhEbjFzOUFBVFJxRXczZ0RreElvZWV6QVYKQmdOVkhSRUVEakFNZ2dwcmRXSmxjbTVsZEdWek1BMEdDU3FHU0liM0RRRUJDd1VBQTRJQkFRQ09pMmpGS0V1ZQpxMHdTN3ZUc1BRUWlEVDMyS21WaHlqaTJYL0xHanpJNzhxOE5LSkh2ZWlWTWZPZWg4QWdDRzNzMk9JOXhucnFNCm9SNGs2YnlnZHZNYW02ZFZjVjlmb3orVnlselFNWHVGQThZT0xZdnFVaERiZzRjd0lkMk5LV2diT3dRMUdQQUcKd1l5aktjai9JWW5XTk14ZXJwQlBHdml2WGlaMnB1c1JpWnBWSVlNcWhsZ2RwZzlMS0c1NVVwNzZ0UGo4cGJGNwo4Qnkxc0wyb1lhZDJWNHFhSENIUmhXQ3dTeVZ1NVdFdFN4ZTJLVW85aFYxWmRLTUN4UVRvT0VKbktIcW1FYVlMCndyZXg4bEhrd1ZWQlBhQ0M3c2lxWE5HUlpTZFJSWkkvcEFkbE5yUVdIVkFBbXBqT1JYU3FCcjlxcWFzV0lwQ1IKOGpGUU9tZGFvajZUCi0tLS0tRU5EIENFUlRJRklDQVRFLS0tLS0K",
                "cluster_endpoint": "https://9EEDC530FC32AC6EA4D93F1547360647.gr7.ap-south-1.eks.amazonaws.com",
                "cluster_id": "crystal-production-eks",
                "cluster_name": "crystal-production-eks",
                "cluster_oidc_issuer_url": "https://oidc.eks.ap-south-1.amazonaws.com/id/9EEDC530FC32AC6EA4D93F1547360647",
                "cluster_role_arn": "arn:aws:iam::746760141698:role/crystal-production-eks-cluster-role",
                "cluster_role_name": "crystal-production-eks-cluster-role",
                "cluster_security_group_id": "sg-0fc0d2c012ec463b2",
                "cluster_status": "ACTIVE",
                "cluster_version": "1.34",
                "platform_version": "eks.29"
              },
              "type": [
                "object",
                {
                  "cluster_arn": "string",
                  "cluster_certificate_authority_data": "string",
                  "cluster_endpoint": "string",
                  "cluster_id": "string",
                  "cluster_name": "string",
                  "cluster_oidc_issuer_url": "string",
                  "cluster_role_arn": "string",
                  "cluster_role_name": "string",
                  "cluster_security_group_id": "string",
                  "cluster_status": "string",
                  "cluster_version": "string",
                  "platform_version": "string"
                }
              ]
            },
            "workspace": null
          },
          "sensitive_attributes": [],
          "identity_schema_version": 0
        }
      ]
    },
    {
      "module": "module.production_rbac",
      "mode": "managed",
      "type": "kubernetes_cluster_role_binding_v1",
      "name": "cicd",
      "provider": "provider[\"registry.terraform.io/hashicorp/kubernetes\"]",
      "instances": [
        {
          "schema_version": 0,
          "attributes": {
            "id": "crystal-cicd-cluster-admin",
            "metadata": [
              {
                "annotations": null,
                "generate_name": "",
                "generation": 0,
                "labels": null,
                "name": "crystal-cicd-cluster-admin",
                "resource_version": "251903",
                "uid": "d38cf139-b78b-4fe9-ab92-f291cbf52675"
              }
            ],
            "role_ref": [
              {
                "api_group": "rbac.authorization.k8s.io",
                "kind": "ClusterRole",
                "name": "cluster-admin"
              }
            ],
            "subject": [
              {
                "api_group": "",
                "kind": "ServiceAccount",
                "name": "crystal-cicd",
                "namespace": "kube-system"
              }
            ]
          },
          "sensitive_attributes": [],
          "identity_schema_version": 1,
          "identity": {
            "api_version": "rbac.authorization.k8s.io/v1",
            "kind": "ClusterRoleBinding",
            "name": "crystal-cicd-cluster-admin"
          },
          "private": "bnVsbA==",
          "dependencies": [
            "data.aws_eks_cluster_auth.this",
            "data.terraform_remote_state.eks_cluster",
            "module.production_rbac.kubernetes_service_account_v1.cicd"
          ]
        }
      ]
    },
    {
      "module": "module.production_rbac",
      "mode": "managed",
      "type": "kubernetes_cluster_role_binding_v1",
      "name": "platform_admin",
      "provider": "provider[\"registry.terraform.io/hashicorp/kubernetes\"]",
      "instances": [
        {
          "schema_version": 0,
          "attributes": {
            "id": "crystal-platform-admin",
            "metadata": [
              {
                "annotations": null,
                "generate_name": "",
                "generation": 0,
                "labels": null,
                "name": "crystal-platform-admin",
                "resource_version": "251901",
                "uid": "0a2070e3-99f8-4049-b9fb-fbed582e892d"
              }
            ],
            "role_ref": [
              {
                "api_group": "rbac.authorization.k8s.io",
                "kind": "ClusterRole",
                "name": "cluster-admin"
              }
            ],
            "subject": [
              {
                "api_group": "rbac.authorization.k8s.io",
                "kind": "Group",
                "name": "crystal-platform-admin",
                "namespace": "default"
              }
            ]
          },
          "sensitive_attributes": [],
          "identity_schema_version": 1,
          "identity": {
            "api_version": "rbac.authorization.k8s.io/v1",
            "kind": "ClusterRoleBinding",
            "name": "crystal-platform-admin"
          },
          "private": "bnVsbA==",
          "dependencies": [
            "data.aws_eks_cluster_auth.this",
            "data.terraform_remote_state.eks_cluster"
          ]
        }
      ]
    },
    {
      "module": "module.production_rbac",
      "mode": "managed",
      "type": "kubernetes_service_account_v1",
      "name": "cicd",
      "provider": "provider[\"registry.terraform.io/hashicorp/kubernetes\"]",
      "instances": [
        {
          "schema_version": 0,
          "attributes": {
            "automount_service_account_token": true,
            "default_secret_name": "",
            "id": "kube-system/crystal-cicd",
            "image_pull_secret": [],
            "metadata": [
              {
                "annotations": null,
                "generate_name": "",
                "generation": 0,
                "labels": null,
                "name": "crystal-cicd",
                "namespace": "kube-system",
                "resource_version": "251900",
                "uid": "b4b090b0-55fa-403d-b1de-43be6ee081f6"
              }
            ],
            "secret": [],
            "timeouts": null
          },
          "sensitive_attributes": [],
          "identity_schema_version": 1,
          "identity": {
            "api_version": "v1",
            "kind": "ServiceAccount",
            "name": "crystal-cicd",
            "namespace": "kube-system"
          },
          "private": "eyJlMmJmYjczMC1lY2FhLTExZTYtOGY4OC0zNDM2M2JjN2M0YzAiOnsiY3JlYXRlIjozMDAwMDAwMDAwMH19",
          "dependencies": [
            "data.aws_eks_cluster_auth.this",
            "data.terraform_remote_state.eks_cluster"
          ]
        }
      ]
    }
  ],
  "check_results": null
}
