{
  "version": 4,
  "terraform_version": "1.15.8",
  "serial": 5,
  "lineage": "c310fe18-f347-1b45-f9c4-718e322a5248",
  "outputs": {
    "addon_arns": {
      "value": {
        "aws-ebs-csi-driver": "arn:aws:eks:ap-south-1:746760141698:addon/crystal-production-eks/aws-ebs-csi-driver/fecfe0b7-7019-3ff3-a666-1a0981e7263c",
        "coredns": "arn:aws:eks:ap-south-1:746760141698:addon/crystal-production-eks/coredns/48cfe0b7-7016-5773-a1ac-408bc3a4f4d6",
        "kube-proxy": "arn:aws:eks:ap-south-1:746760141698:addon/crystal-production-eks/kube-proxy/c4cfe0b7-7016-aca5-9975-4aa114884545",
        "vpc-cni": "arn:aws:eks:ap-south-1:746760141698:addon/crystal-production-eks/vpc-cni/76cfe0b7-7014-d4fb-b175-901e731a389f"
      },
      "type": [
        "object",
        {
          "aws-ebs-csi-driver": "string",
          "coredns": "string",
          "kube-proxy": "string",
          "vpc-cni": "string"
        }
      ]
    },
    "addon_names": {
      "value": {
        "aws-ebs-csi-driver": "aws-ebs-csi-driver",
        "coredns": "coredns",
        "kube-proxy": "kube-proxy",
        "vpc-cni": "vpc-cni"
      },
      "type": [
        "object",
        {
          "aws-ebs-csi-driver": "string",
          "coredns": "string",
          "kube-proxy": "string",
          "vpc-cni": "string"
        }
      ]
    },
    "addon_versions": {
      "value": {
        "aws-ebs-csi-driver": "v1.63.1-eksbuild.1",
        "coredns": "v1.13.2-eksbuild.11",
        "kube-proxy": "v1.34.6-eksbuild.17",
        "vpc-cni": "v1.22.4-eksbuild.3"
      },
      "type": [
        "object",
        {
          "aws-ebs-csi-driver": "string",
          "coredns": "string",
          "kube-proxy": "string",
          "vpc-cni": "string"
        }
      ]
    }
  },
  "resources": [
    {
      "mode": "data",
      "type": "terraform_remote_state",
      "name": "eks_cluster",
      "provider": "provider[\"terraform.io/builtin/terraform\"]",
      "instances": [
        {
          "schema_version": 0,
          "attributes": {
            "backend": "local",
            "config": {
              "value": {
                "path": "../eks-cluster/terraform.tfstate"
              },
              "type": [
                "object",
                {
                  "path": "string"
                }
              ]
            },
            "defaults": null,
            "outputs": {
              "value": {
                "cluster_arn": "arn:aws:eks:ap-south-1:746760141698:cluster/crystal-production-eks",
                "cluster_certificate_authority_data": "LS0tLS1CRUdJTiBDRVJUSUZJQ0FURS0tLS0tCk1JSURCVENDQWUyZ0F3SUJBZ0lJSkRGaWZLQzFwTVl3RFFZSktvWklodmNOQVFFTEJRQXdGVEVUTUJFR0ExVUUKQXhNS2EzVmlaWEp1WlhSbGN6QWVGdzB5TmpBNE1ERXhNVE0yTXpkYUZ3MHpOakEzTWpreE1UUXhNemRhTUJVeApFekFSQmdOVkJBTVRDbXQxWW1WeWJtVjBaWE13Z2dFaU1BMEdDU3FHU0liM0RRRUJBUVVBQTRJQkR3QXdnZ0VLCkFvSUJBUURZdVduWFZvRkYzMzZOUTRtdWl4RHA0UUxkaEpqeEdTVWVsVHdzc2N2NWJ3eGhDRGVoUU51cHkwaVQKYjdETFBJeDRoK2NTK1hYK0s3RGVRTEpscUNaakJoMjVnbC9RL2MrSHBrbnE5ZEVNeUg5T25leGxyYnNQbWlBNApLM2FnUnNLY2xka09aWjJKK256RUZXclh3YzFwdUtpS2NsdngzNFhPanVmd0FTcnVmbDhoUDhOakk5ZzZRRTNVClljdkQvTTkwd3lSMjdJYWdCemtmaXRTTGFqZlBINVFtMld5eHhTZXhETXB4NnBlSXdlc3J5WG9DYmdaU09jb0kKdytQUEdGSC90UFl6MHVKeDJuTHhtQkJwUDhZbVI1bklYLzVtdU5MTWJYS0pNeE5kVHRXRldITkcvM1B0L3dxQwpiL2w0cG1XbmRhaWFHajl0WmtpQy9hZW5MK2FsQWdNQkFBR2pXVEJYTUE0R0ExVWREd0VCL3dRRUF3SUNwREFQCkJnTlZIUk1CQWY4RUJUQURBUUgvTUIwR0ExVWREZ1FXQkJRV0RGTDhEbjFzOUFBVFJxRXczZ0RreElvZWV6QVYKQmdOVkhSRUVEakFNZ2dwcmRXSmxjbTVsZEdWek1BMEdDU3FHU0liM0RRRUJDd1VBQTRJQkFRQ09pMmpGS0V1ZQpxMHdTN3ZUc1BRUWlEVDMyS21WaHlqaTJYL0xHanpJNzhxOE5LSkh2ZWlWTWZPZWg4QWdDRzNzMk9JOXhucnFNCm9SNGs2YnlnZHZNYW02ZFZjVjlmb3orVnlselFNWHVGQThZT0xZdnFVaERiZzRjd0lkMk5LV2diT3dRMUdQQUcKd1l5aktjai9JWW5XTk14ZXJwQlBHdml2WGlaMnB1c1JpWnBWSVlNcWhsZ2RwZzlMS0c1NVVwNzZ0UGo4cGJGNwo4Qnkxc0wyb1lhZDJWNHFhSENIUmhXQ3dTeVZ1NVdFdFN4ZTJLVW85aFYxWmRLTUN4UVRvT0VKbktIcW1FYVlMCndyZXg4bEhrd1ZWQlBhQ0M3c2lxWE5HUlpTZFJSWkkvcEFkbE5yUVdIVkFBbXBqT1JYU3FCcjlxcWFzV0lwQ1IKOGpGUU9tZGFvajZUCi0tLS0tRU5EIENFUlRJRklDQVRFLS0tLS0K",
                "cluster_endpoint": "https://9EEDC530FC32AC6EA4D93F1547360647.gr7.ap-south-1.eks.amazonaws.com",
                "cluster_id": "crystal-production-eks",
                "cluster_name": "crystal-production-eks",
                "cluster_oidc_issuer_url": "https://oidc.eks.ap-south-1.amazonaws.com/id/9EEDC530FC32AC6EA4D93F1547360647",
                "cluster_role_arn": "arn:aws:iam::746760141698:role/crystal-production-eks-cluster-role",
                "cluster_role_name": "crystal-production-eks-cluster-role",
                "cluster_security_group_id": "sg-0fc0d2c012ec463b2",
                "cluster_status": "ACTIVE",
                "cluster_version": "1.34",
                "platform_version": "eks.29"
              },
              "type": [
                "object",
                {
                  "cluster_arn": "string",
                  "cluster_certificate_authority_data": "string",
                  "cluster_endpoint": "string",
                  "cluster_id": "string",
                  "cluster_name": "string",
                  "cluster_oidc_issuer_url": "string",
                  "cluster_role_arn": "string",
                  "cluster_role_name": "string",
                  "cluster_security_group_id": "string",
                  "cluster_status": "string",
                  "cluster_version": "string",
                  "platform_version": "string"
                }
              ]
            },
            "workspace": null
          },
          "sensitive_attributes": [],
          "identity_schema_version": 0
        }
      ]
    },
    {
      "mode": "data",
      "type": "terraform_remote_state",
      "name": "irsa",
      "provider": "provider[\"terraform.io/builtin/terraform\"]",
      "instances": [
        {
          "schema_version": 0,
          "attributes": {
            "backend": "local",
            "config": {
              "value": {
                "path": "../irsa/terraform.tfstate"
              },
              "type": [
                "object",
                {
                  "path": "string"
                }
              ]
            },
            "defaults": null,
            "outputs": {
              "value": {
                "alb_controller_role_arn": "arn:aws:iam::746760141698:role/crystal-production-aws-load-balancer-controller-role",
                "ebs_csi_role_arn": "arn:aws:iam::746760141698:role/crystal-production-ebs-csi-role"
              },
              "type": [
                "object",
                {
                  "alb_controller_role_arn": "string",
                  "ebs_csi_role_arn": "string"
                }
              ]
            },
            "workspace": null
          },
          "sensitive_attributes": [],
          "identity_schema_version": 0
        }
      ]
    },
    {
      "module": "module.production_eks_addons",
      "mode": "data",
      "type": "aws_eks_addon_version",
      "name": "this",
      "provider": "provider[\"registry.terraform.io/hashicorp/aws\"]",
      "instances": [
        {
          "index_key": "aws-ebs-csi-driver",
          "schema_version": 0,
          "attributes": {
            "addon_name": "aws-ebs-csi-driver",
            "id": "aws-ebs-csi-driver",
            "kubernetes_version": "1.34",
            "most_recent": true,
            "region": "ap-south-1",
            "version": "v1.63.1-eksbuild.1"
          },
          "sensitive_attributes": [],
          "identity_schema_version": 0
        },
        {
          "index_key": "coredns",
          "schema_version": 0,
          "attributes": {
            "addon_name": "coredns",
            "id": "coredns",
            "kubernetes_version": "1.34",
            "most_recent": true,
            "region": "ap-south-1",
            "version": "v1.13.2-eksbuild.11"
          },
          "sensitive_attributes": [],
          "identity_schema_version": 0
        },
        {
          "index_key": "kube-proxy",
          "schema_version": 0,
          "attributes": {
            "addon_name": "kube-proxy",
            "id": "kube-proxy",
            "kubernetes_version": "1.34",
            "most_recent": true,
            "region": "ap-south-1",
            "version": "v1.34.6-eksbuild.17"
          },
          "sensitive_attributes": [],
          "identity_schema_version": 0
        },
        {
          "index_key": "vpc-cni",
          "schema_version": 0,
          "attributes": {
            "addon_name": "vpc-cni",
            "id": "vpc-cni",
            "kubernetes_version": "1.34",
            "most_recent": true,
            "region": "ap-south-1",
            "version": "v1.22.4-eksbuild.3"
          },
          "sensitive_attributes": [],
          "identity_schema_version": 0
        }
      ]
    },
    {
      "module": "module.production_eks_addons",
      "mode": "managed",
      "type": "aws_eks_addon",
      "name": "this",
      "provider": "provider[\"registry.terraform.io/hashicorp/aws\"]",
      "instances": [
        {
          "index_key": "aws-ebs-csi-driver",
          "schema_version": 0,
          "attributes": {
            "addon_name": "aws-ebs-csi-driver",
            "addon_version": "v1.63.1-eksbuild.1",
            "arn": "arn:aws:eks:ap-south-1:746760141698:addon/crystal-production-eks/aws-ebs-csi-driver/fecfe0b7-7019-3ff3-a666-1a0981e7263c",
            "cluster_name": "crystal-production-eks",
            "configuration_values": "",
            "created_at": "2026-08-02T07:44:57Z",
            "id": "crystal-production-eks:aws-ebs-csi-driver",
            "modified_at": "2026-08-02T07:45:43Z",
            "namespace_config": [
              {
                "namespace": "kube-system"
              }
            ],
            "pod_identity_association": [],
            "preserve": null,
            "region": "ap-south-1",
            "resolve_conflicts_on_create": "OVERWRITE",
            "resolve_conflicts_on_update": "OVERWRITE",
            "service_account_role_arn": "arn:aws:iam::746760141698:role/crystal-production-ebs-csi-role",
            "tags": {
              "Environment": "Production",
              "ManagedBy": "Terraform",
              "Name": "aws-ebs-csi-driver",
              "Project": "Crystal"
            },
            "tags_all": {
              "Environment": "Production",
              "ManagedBy": "Terraform",
              "Name": "aws-ebs-csi-driver",
              "Project": "Crystal"
            },
            "timeouts": null
          },
          "sensitive_attributes": [],
          "identity_schema_version": 0,
          "identity": {
            "account_id": "746760141698",
            "addon_name": "aws-ebs-csi-driver",
            "cluster_name": "crystal-production-eks",
            "region": "ap-south-1"
          },
          "private": "eyJlMmJmYjczMC1lY2FhLTExZTYtOGY4OC0zNDM2M2JjN2M0YzAiOnsiY3JlYXRlIjoxMjAwMDAwMDAwMDAwLCJkZWxldGUiOjI0MDAwMDAwMDAwMDAsInVwZGF0ZSI6MTIwMDAwMDAwMDAwMH19",
          "dependencies": [
            "data.terraform_remote_state.eks_cluster",
            "data.terraform_remote_state.irsa",
            "module.production_eks_addons.data.aws_eks_addon_version.this"
          ]
        },
        {
          "index_key": "coredns",
          "schema_version": 0,
          "attributes": {
            "addon_name": "coredns",
            "addon_version": "v1.13.2-eksbuild.11",
            "arn": "arn:aws:eks:ap-south-1:746760141698:addon/crystal-production-eks/coredns/48cfe0b7-7016-5773-a1ac-408bc3a4f4d6",
            "cluster_name": "crystal-production-eks",
            "configuration_values": "",
            "created_at": "2026-08-02T07:44:57Z",
            "id": "crystal-production-eks:coredns",
            "modified_at": "2026-08-02T07:45:08Z",
            "namespace_config": [
              {
                "namespace": "kube-system"
              }
            ],
            "pod_identity_association": [],
            "preserve": null,
            "region": "ap-south-1",
            "resolve_conflicts_on_create": "OVERWRITE",
            "resolve_conflicts_on_update": "OVERWRITE",
            "service_account_role_arn": "",
            "tags": {
              "Environment": "Production",
              "ManagedBy": "Terraform",
              "Name": "coredns",
              "Project": "Crystal"
            },
            "tags_all": {
              "Environment": "Production",
              "ManagedBy": "Terraform",
              "Name": "coredns",
              "Project": "Crystal"
            },
            "timeouts": null
          },
          "sensitive_attributes": [],
          "identity_schema_version": 0,
          "identity": {
            "account_id": "746760141698",
            "addon_name": "coredns",
            "cluster_name": "crystal-production-eks",
            "region": "ap-south-1"
          },
          "private": "eyJlMmJmYjczMC1lY2FhLTExZTYtOGY4OC0zNDM2M2JjN2M0YzAiOnsiY3JlYXRlIjoxMjAwMDAwMDAwMDAwLCJkZWxldGUiOjI0MDAwMDAwMDAwMDAsInVwZGF0ZSI6MTIwMDAwMDAwMDAwMH19",
          "dependencies": [
            "data.terraform_remote_state.eks_cluster",
            "data.terraform_remote_state.irsa",
            "module.production_eks_addons.data.aws_eks_addon_version.this"
          ]
        },
        {
          "index_key": "kube-proxy",
          "schema_version": 0,
          "attributes": {
            "addon_name": "kube-proxy",
            "addon_version": "v1.34.6-eksbuild.17",
            "arn": "arn:aws:eks:ap-south-1:746760141698:addon/crystal-production-eks/kube-proxy/c4cfe0b7-7016-aca5-9975-4aa114884545",
            "cluster_name": "crystal-production-eks",
            "configuration_values": "",
            "created_at": "2026-08-02T07:44:57Z",
            "id": "crystal-production-eks:kube-proxy",
            "modified_at": "2026-08-02T07:45:13Z",
            "namespace_config": [
              {
                "namespace": "kube-system"
              }
            ],
            "pod_identity_association": [],
            "preserve": null,
            "region": "ap-south-1",
            "resolve_conflicts_on_create": "OVERWRITE",
            "resolve_conflicts_on_update": "OVERWRITE",
            "service_account_role_arn": "",
            "tags": {
              "Environment": "Production",
              "ManagedBy": "Terraform",
              "Name": "kube-proxy",
              "Project": "Crystal"
            },
            "tags_all": {
              "Environment": "Production",
              "ManagedBy": "Terraform",
              "Name": "kube-proxy",
              "Project": "Crystal"
            },
            "timeouts": null
          },
          "sensitive_attributes": [],
          "identity_schema_version": 0,
          "identity": {
            "account_id": "746760141698",
            "addon_name": "kube-proxy",
            "cluster_name": "crystal-production-eks",
            "region": "ap-south-1"
          },
          "private": "eyJlMmJmYjczMC1lY2FhLTExZTYtOGY4OC0zNDM2M2JjN2M0YzAiOnsiY3JlYXRlIjoxMjAwMDAwMDAwMDAwLCJkZWxldGUiOjI0MDAwMDAwMDAwMDAsInVwZGF0ZSI6MTIwMDAwMDAwMDAwMH19",
          "dependencies": [
            "data.terraform_remote_state.eks_cluster",
            "data.terraform_remote_state.irsa",
            "module.production_eks_addons.data.aws_eks_addon_version.this"
          ]
        },
        {
          "index_key": "vpc-cni",
          "schema_version": 0,
          "attributes": {
            "addon_name": "vpc-cni",
            "addon_version": "v1.22.4-eksbuild.3",
            "arn": "arn:aws:eks:ap-south-1:746760141698:addon/crystal-production-eks/vpc-cni/76cfe0b7-7014-d4fb-b175-901e731a389f",
            "cluster_name": "crystal-production-eks",
            "configuration_values": "",
            "created_at": "2026-08-02T07:44:57Z",
            "id": "crystal-production-eks:vpc-cni",
            "modified_at": "2026-08-02T07:45:33Z",
            "namespace_config": [
              {
                "namespace": "kube-system"
              }
            ],
            "pod_identity_association": [],
            "preserve": null,
            "region": "ap-south-1",
            "resolve_conflicts_on_create": "OVERWRITE",
            "resolve_conflicts_on_update": "OVERWRITE",
            "service_account_role_arn": "",
            "tags": {
              "Environment": "Production",
              "ManagedBy": "Terraform",
              "Name": "vpc-cni",
              "Project": "Crystal"
            },
            "tags_all": {
              "Environment": "Production",
              "ManagedBy": "Terraform",
              "Name": "vpc-cni",
              "Project": "Crystal"
            },
            "timeouts": null
          },
          "sensitive_attributes": [],
          "identity_schema_version": 0,
          "identity": {
            "account_id": "746760141698",
            "addon_name": "vpc-cni",
            "cluster_name": "crystal-production-eks",
            "region": "ap-south-1"
          },
          "private": "eyJlMmJmYjczMC1lY2FhLTExZTYtOGY4OC0zNDM2M2JjN2M0YzAiOnsiY3JlYXRlIjoxMjAwMDAwMDAwMDAwLCJkZWxldGUiOjI0MDAwMDAwMDAwMDAsInVwZGF0ZSI6MTIwMDAwMDAwMDAwMH19",
          "dependencies": [
            "data.terraform_remote_state.eks_cluster",
            "data.terraform_remote_state.irsa",
            "module.production_eks_addons.data.aws_eks_addon_version.this"
          ]
        }
      ]
    }
  ],
  "check_results": null
}
