{
  "version": 4,
  "terraform_version": "1.15.8",
  "serial": 2,
  "lineage": "2bf94be5-6461-612c-afb7-ae57d8d89c6e",
  "outputs": {
    "vpc_arn": {
      "value": "arn:aws:ec2:ap-south-1:133644693386:vpc/vpc-015c1d032e8d69885",
      "type": "string"
    },
    "vpc_cidr": {
      "value": "10.0.0.0/16",
      "type": "string"
    },
    "vpc_id": {
      "value": "vpc-015c1d032e8d69885",
      "type": "string"
    }
  },
  "resources": [
    {
      "module": "module.shared_services_vpc",
      "mode": "managed",
      "type": "aws_vpc",
      "name": "this",
      "provider": "provider[\"registry.terraform.io/hashicorp/aws\"]",
      "instances": [
        {
          "schema_version": 1,
          "attributes": {
            "arn": "arn:aws:ec2:ap-south-1:133644693386:vpc/vpc-015c1d032e8d69885",
            "assign_generated_ipv6_cidr_block": false,
            "cidr_block": "10.0.0.0/16",
            "default_network_acl_id": "acl-06a0a0034638a83b8",
            "default_route_table_id": "rtb-0623885c14073d137",
            "default_security_group_id": "sg-056b7325e6cc5e06e",
            "dhcp_options_id": "dopt-01ad062fdbf6a001f",
            "enable_dns_hostnames": true,
            "enable_dns_support": true,
            "enable_network_address_usage_metrics": false,
            "id": "vpc-015c1d032e8d69885",
            "instance_tenancy": "default",
            "ipv4_ipam_pool_id": null,
            "ipv4_netmask_length": null,
            "ipv6_association_id": "",
            "ipv6_cidr_block": "",
            "ipv6_cidr_block_network_border_group": "",
            "ipv6_ipam_pool_id": "",
            "ipv6_netmask_length": 0,
            "main_route_table_id": "rtb-0623885c14073d137",
            "owner_id": "133644693386",
            "region": "ap-south-1",
            "tags": {
              "Environment": "SharedServices",
              "Name": "crystal-shared-vpc",
              "Project": "Crystal"
            },
            "tags_all": {
              "Environment": "SharedServices",
              "Name": "crystal-shared-vpc",
              "Project": "Crystal"
            }
          },
          "sensitive_attributes": [],
          "identity_schema_version": 0,
          "identity": {
            "account_id": "133644693386",
            "id": "vpc-015c1d032e8d69885",
            "region": "ap-south-1"
          },
          "private": "eyJzY2hlbWFfdmVyc2lvbiI6IjEifQ=="
        }
      ]
    }
  ],
  "check_results": null
}
