{
  "version": 4,
  "terraform_version": "1.15.8",
  "serial": 8,
  "lineage": "2bf94be5-6461-612c-afb7-ae57d8d89c6e",
  "outputs": {
    "private_subnet_ids": {
      "value": {
        "crystal-private-subnet-a": "subnet-03b38f91b4256d1b6",
        "crystal-private-subnet-b": "subnet-0b9f026563c3d1b73"
      },
      "type": [
        "object",
        {
          "crystal-private-subnet-a": "string",
          "crystal-private-subnet-b": "string"
        }
      ]
    },
    "public_subnet_ids": {
      "value": {
        "crystal-public-subnet-a": "subnet-0d6cf643ad3940304",
        "crystal-public-subnet-b": "subnet-018d38a4f395b6058"
      },
      "type": [
        "object",
        {
          "crystal-public-subnet-a": "string",
          "crystal-public-subnet-b": "string"
        }
      ]
    },
    "vpc_arn": {
      "value": "arn:aws:ec2:ap-south-1:133644693386:vpc/vpc-015c1d032e8d69885",
      "type": "string"
    },
    "vpc_cidr": {
      "value": "10.0.0.0/16",
      "type": "string"
    },
    "vpc_id": {
      "value": "vpc-015c1d032e8d69885",
      "type": "string"
    }
  },
  "resources": [
    {
      "module": "module.shared_services_subnets",
      "mode": "managed",
      "type": "aws_subnet",
      "name": "private",
      "provider": "provider[\"registry.terraform.io/hashicorp/aws\"]",
      "instances": [
        {
          "index_key": "crystal-private-subnet-a",
          "schema_version": 1,
          "attributes": {
            "arn": "arn:aws:ec2:ap-south-1:133644693386:subnet/subnet-03b38f91b4256d1b6",
            "assign_ipv6_address_on_creation": false,
            "availability_zone": "ap-south-1a",
            "availability_zone_id": "aps1-az1",
            "cidr_block": "10.0.11.0/24",
            "customer_owned_ipv4_pool": "",
            "enable_dns64": false,
            "enable_lni_at_device_index": 0,
            "enable_resource_name_dns_a_record_on_launch": false,
            "enable_resource_name_dns_aaaa_record_on_launch": false,
            "id": "subnet-03b38f91b4256d1b6",
            "ipv4_ipam_pool_id": null,
            "ipv4_netmask_length": null,
            "ipv6_cidr_block": "",
            "ipv6_cidr_block_association_id": "",
            "ipv6_ipam_pool_id": null,
            "ipv6_native": false,
            "ipv6_netmask_length": null,
            "map_customer_owned_ip_on_launch": false,
            "map_public_ip_on_launch": false,
            "outpost_arn": "",
            "owner_id": "133644693386",
            "private_dns_hostname_type_on_launch": "ip-name",
            "region": "ap-south-1",
            "tags": {
              "Environment": "SharedServices",
              "ManagedBy": "Terraform",
              "Name": "crystal-private-subnet-a",
              "Project": "Crystal",
              "Type": "Private"
            },
            "tags_all": {
              "Environment": "SharedServices",
              "ManagedBy": "Terraform",
              "Name": "crystal-private-subnet-a",
              "Project": "Crystal",
              "Type": "Private"
            },
            "timeouts": null,
            "vpc_id": "vpc-015c1d032e8d69885"
          },
          "sensitive_attributes": [],
          "identity_schema_version": 0,
          "identity": {
            "account_id": "133644693386",
            "id": "subnet-03b38f91b4256d1b6",
            "region": "ap-south-1"
          },
          "private": "eyJlMmJmYjczMC1lY2FhLTExZTYtOGY4OC0zNDM2M2JjN2M0YzAiOnsiY3JlYXRlIjo2MDAwMDAwMDAwMDAsImRlbGV0ZSI6MTIwMDAwMDAwMDAwMH0sInNjaGVtYV92ZXJzaW9uIjoiMSJ9",
          "dependencies": [
            "module.shared_services_vpc.aws_vpc.this"
          ]
        },
        {
          "index_key": "crystal-private-subnet-b",
          "schema_version": 1,
          "attributes": {
            "arn": "arn:aws:ec2:ap-south-1:133644693386:subnet/subnet-0b9f026563c3d1b73",
            "assign_ipv6_address_on_creation": false,
            "availability_zone": "ap-south-1b",
            "availability_zone_id": "aps1-az3",
            "cidr_block": "10.0.12.0/24",
            "customer_owned_ipv4_pool": "",
            "enable_dns64": false,
            "enable_lni_at_device_index": 0,
            "enable_resource_name_dns_a_record_on_launch": false,
            "enable_resource_name_dns_aaaa_record_on_launch": false,
            "id": "subnet-0b9f026563c3d1b73",
            "ipv4_ipam_pool_id": null,
            "ipv4_netmask_length": null,
            "ipv6_cidr_block": "",
            "ipv6_cidr_block_association_id": "",
            "ipv6_ipam_pool_id": null,
            "ipv6_native": false,
            "ipv6_netmask_length": null,
            "map_customer_owned_ip_on_launch": false,
            "map_public_ip_on_launch": false,
            "outpost_arn": "",
            "owner_id": "133644693386",
            "private_dns_hostname_type_on_launch": "ip-name",
            "region": "ap-south-1",
            "tags": {
              "Environment": "SharedServices",
              "ManagedBy": "Terraform",
              "Name": "crystal-private-subnet-b",
              "Project": "Crystal",
              "Type": "Private"
            },
            "tags_all": {
              "Environment": "SharedServices",
              "ManagedBy": "Terraform",
              "Name": "crystal-private-subnet-b",
              "Project": "Crystal",
              "Type": "Private"
            },
            "timeouts": null,
            "vpc_id": "vpc-015c1d032e8d69885"
          },
          "sensitive_attributes": [],
          "identity_schema_version": 0,
          "identity": {
            "account_id": "133644693386",
            "id": "subnet-0b9f026563c3d1b73",
            "region": "ap-south-1"
          },
          "private": "eyJlMmJmYjczMC1lY2FhLTExZTYtOGY4OC0zNDM2M2JjN2M0YzAiOnsiY3JlYXRlIjo2MDAwMDAwMDAwMDAsImRlbGV0ZSI6MTIwMDAwMDAwMDAwMH0sInNjaGVtYV92ZXJzaW9uIjoiMSJ9",
          "dependencies": [
            "module.shared_services_vpc.aws_vpc.this"
          ]
        }
      ]
    },
    {
      "module": "module.shared_services_subnets",
      "mode": "managed",
      "type": "aws_subnet",
      "name": "public",
      "provider": "provider[\"registry.terraform.io/hashicorp/aws\"]",
      "instances": [
        {
          "index_key": "crystal-public-subnet-a",
          "schema_version": 1,
          "attributes": {
            "arn": "arn:aws:ec2:ap-south-1:133644693386:subnet/subnet-0d6cf643ad3940304",
            "assign_ipv6_address_on_creation": false,
            "availability_zone": "ap-south-1a",
            "availability_zone_id": "aps1-az1",
            "cidr_block": "10.0.1.0/24",
            "customer_owned_ipv4_pool": "",
            "enable_dns64": false,
            "enable_lni_at_device_index": 0,
            "enable_resource_name_dns_a_record_on_launch": false,
            "enable_resource_name_dns_aaaa_record_on_launch": false,
            "id": "subnet-0d6cf643ad3940304",
            "ipv4_ipam_pool_id": null,
            "ipv4_netmask_length": null,
            "ipv6_cidr_block": "",
            "ipv6_cidr_block_association_id": "",
            "ipv6_ipam_pool_id": null,
            "ipv6_native": false,
            "ipv6_netmask_length": null,
            "map_customer_owned_ip_on_launch": false,
            "map_public_ip_on_launch": true,
            "outpost_arn": "",
            "owner_id": "133644693386",
            "private_dns_hostname_type_on_launch": "ip-name",
            "region": "ap-south-1",
            "tags": {
              "Environment": "SharedServices",
              "ManagedBy": "Terraform",
              "Name": "crystal-public-subnet-a",
              "Project": "Crystal",
              "Type": "Public"
            },
            "tags_all": {
              "Environment": "SharedServices",
              "ManagedBy": "Terraform",
              "Name": "crystal-public-subnet-a",
              "Project": "Crystal",
              "Type": "Public"
            },
            "timeouts": null,
            "vpc_id": "vpc-015c1d032e8d69885"
          },
          "sensitive_attributes": [],
          "identity_schema_version": 0,
          "identity": {
            "account_id": "133644693386",
            "id": "subnet-0d6cf643ad3940304",
            "region": "ap-south-1"
          },
          "private": "eyJlMmJmYjczMC1lY2FhLTExZTYtOGY4OC0zNDM2M2JjN2M0YzAiOnsiY3JlYXRlIjo2MDAwMDAwMDAwMDAsImRlbGV0ZSI6MTIwMDAwMDAwMDAwMH0sInNjaGVtYV92ZXJzaW9uIjoiMSJ9",
          "dependencies": [
            "module.shared_services_vpc.aws_vpc.this"
          ]
        },
        {
          "index_key": "crystal-public-subnet-b",
          "schema_version": 1,
          "attributes": {
            "arn": "arn:aws:ec2:ap-south-1:133644693386:subnet/subnet-018d38a4f395b6058",
            "assign_ipv6_address_on_creation": false,
            "availability_zone": "ap-south-1b",
            "availability_zone_id": "aps1-az3",
            "cidr_block": "10.0.2.0/24",
            "customer_owned_ipv4_pool": "",
            "enable_dns64": false,
            "enable_lni_at_device_index": 0,
            "enable_resource_name_dns_a_record_on_launch": false,
            "enable_resource_name_dns_aaaa_record_on_launch": false,
            "id": "subnet-018d38a4f395b6058",
            "ipv4_ipam_pool_id": null,
            "ipv4_netmask_length": null,
            "ipv6_cidr_block": "",
            "ipv6_cidr_block_association_id": "",
            "ipv6_ipam_pool_id": null,
            "ipv6_native": false,
            "ipv6_netmask_length": null,
            "map_customer_owned_ip_on_launch": false,
            "map_public_ip_on_launch": true,
            "outpost_arn": "",
            "owner_id": "133644693386",
            "private_dns_hostname_type_on_launch": "ip-name",
            "region": "ap-south-1",
            "tags": {
              "Environment": "SharedServices",
              "ManagedBy": "Terraform",
              "Name": "crystal-public-subnet-b",
              "Project": "Crystal",
              "Type": "Public"
            },
            "tags_all": {
              "Environment": "SharedServices",
              "ManagedBy": "Terraform",
              "Name": "crystal-public-subnet-b",
              "Project": "Crystal",
              "Type": "Public"
            },
            "timeouts": null,
            "vpc_id": "vpc-015c1d032e8d69885"
          },
          "sensitive_attributes": [],
          "identity_schema_version": 0,
          "identity": {
            "account_id": "133644693386",
            "id": "subnet-018d38a4f395b6058",
            "region": "ap-south-1"
          },
          "private": "eyJlMmJmYjczMC1lY2FhLTExZTYtOGY4OC0zNDM2M2JjN2M0YzAiOnsiY3JlYXRlIjo2MDAwMDAwMDAwMDAsImRlbGV0ZSI6MTIwMDAwMDAwMDAwMH0sInNjaGVtYV92ZXJzaW9uIjoiMSJ9",
          "dependencies": [
            "module.shared_services_vpc.aws_vpc.this"
          ]
        }
      ]
    },
    {
      "module": "module.shared_services_vpc",
      "mode": "managed",
      "type": "aws_vpc",
      "name": "this",
      "provider": "provider[\"registry.terraform.io/hashicorp/aws\"]",
      "instances": [
        {
          "schema_version": 1,
          "attributes": {
            "arn": "arn:aws:ec2:ap-south-1:133644693386:vpc/vpc-015c1d032e8d69885",
            "assign_generated_ipv6_cidr_block": false,
            "cidr_block": "10.0.0.0/16",
            "default_network_acl_id": "acl-06a0a0034638a83b8",
            "default_route_table_id": "rtb-0623885c14073d137",
            "default_security_group_id": "sg-056b7325e6cc5e06e",
            "dhcp_options_id": "dopt-01ad062fdbf6a001f",
            "enable_dns_hostnames": true,
            "enable_dns_support": true,
            "enable_network_address_usage_metrics": false,
            "id": "vpc-015c1d032e8d69885",
            "instance_tenancy": "default",
            "ipv4_ipam_pool_id": null,
            "ipv4_netmask_length": null,
            "ipv6_association_id": "",
            "ipv6_cidr_block": "",
            "ipv6_cidr_block_network_border_group": "",
            "ipv6_ipam_pool_id": "",
            "ipv6_netmask_length": 0,
            "main_route_table_id": "rtb-0623885c14073d137",
            "owner_id": "133644693386",
            "region": "ap-south-1",
            "tags": {
              "Environment": "SharedServices",
              "ManagedBy": "Terraform",
              "Name": "crystal-shared-vpc",
              "Project": "Crystal"
            },
            "tags_all": {
              "Environment": "SharedServices",
              "ManagedBy": "Terraform",
              "Name": "crystal-shared-vpc",
              "Project": "Crystal"
            }
          },
          "sensitive_attributes": [],
          "identity_schema_version": 0,
          "identity": {
            "account_id": "133644693386",
            "id": "vpc-015c1d032e8d69885",
            "region": "ap-south-1"
          },
          "private": "eyJzY2hlbWFfdmVyc2lvbiI6IjEifQ=="
        }
      ]
    }
  ],
  "check_results": null
}
