{
  "version": 4,
  "terraform_version": "1.15.8",
  "serial": 4,
  "lineage": "afb36168-1f8e-b6bc-91ed-82914890e6de",
  "outputs": {
    "alb_controller_role_arn": {
      "value": "arn:aws:iam::746760141698:role/crystal-production-aws-load-balancer-controller-role",
      "type": "string"
    },
    "ebs_csi_role_arn": {
      "value": "arn:aws:iam::746760141698:role/crystal-production-ebs-csi-role",
      "type": "string"
    }
  },
  "resources": [
    {
      "mode": "data",
      "type": "terraform_remote_state",
      "name": "oidc",
      "provider": "provider[\"terraform.io/builtin/terraform\"]",
      "instances": [
        {
          "schema_version": 0,
          "attributes": {
            "backend": "local",
            "config": {
              "value": {
                "path": "../oidc-provider/terraform.tfstate"
              },
              "type": [
                "object",
                {
                  "path": "string"
                }
              ]
            },
            "defaults": null,
            "outputs": {
              "value": {
                "oidc_provider_arn": "arn:aws:iam::746760141698:oidc-provider/oidc.eks.ap-south-1.amazonaws.com/id/9EEDC530FC32AC6EA4D93F1547360647",
                "oidc_provider_url": "https://oidc.eks.ap-south-1.amazonaws.com/id/9EEDC530FC32AC6EA4D93F1547360647"
              },
              "type": [
                "object",
                {
                  "oidc_provider_arn": "string",
                  "oidc_provider_url": "string"
                }
              ]
            },
            "workspace": null
          },
          "sensitive_attributes": [],
          "identity_schema_version": 0
        }
      ]
    },
    {
      "module": "module.aws_load_balancer_controller_irsa",
      "mode": "data",
      "type": "aws_iam_policy_document",
      "name": "assume_role",
      "provider": "provider[\"registry.terraform.io/hashicorp/aws\"]",
      "instances": [
        {
          "schema_version": 0,
          "attributes": {
            "id": "2745412241",
            "json": "{\n  \"Version\": \"2012-10-17\",\n  \"Statement\": [\n    {\n      \"Effect\": \"Allow\",\n      \"Action\": \"sts:AssumeRoleWithWebIdentity\",\n      \"Principal\": {\n        \"Federated\": \"arn:aws:iam::746760141698:oidc-provider/oidc.eks.ap-south-1.amazonaws.com/id/9EEDC530FC32AC6EA4D93F1547360647\"\n      },\n      \"Condition\": {\n        \"StringEquals\": {\n          \"oidc.eks.ap-south-1.amazonaws.com/id/9EEDC530FC32AC6EA4D93F1547360647:aud\": \"sts.amazonaws.com\",\n          \"oidc.eks.ap-south-1.amazonaws.com/id/9EEDC530FC32AC6EA4D93F1547360647:sub\": \"system:serviceaccount:kube-system:aws-load-balancer-controller\"\n        }\n      }\n    }\n  ]\n}",
            "minified_json": "{\"Version\":\"2012-10-17\",\"Statement\":[{\"Effect\":\"Allow\",\"Action\":\"sts:AssumeRoleWithWebIdentity\",\"Principal\":{\"Federated\":\"arn:aws:iam::746760141698:oidc-provider/oidc.eks.ap-south-1.amazonaws.com/id/9EEDC530FC32AC6EA4D93F1547360647\"},\"Condition\":{\"StringEquals\":{\"oidc.eks.ap-south-1.amazonaws.com/id/9EEDC530FC32AC6EA4D93F1547360647:aud\":\"sts.amazonaws.com\",\"oidc.eks.ap-south-1.amazonaws.com/id/9EEDC530FC32AC6EA4D93F1547360647:sub\":\"system:serviceaccount:kube-system:aws-load-balancer-controller\"}}}]}",
            "override_json": null,
            "override_policy_documents": null,
            "policy_id": null,
            "source_json": null,
            "source_policy_documents": null,
            "statement": [
              {
                "actions": [
                  "sts:AssumeRoleWithWebIdentity"
                ],
                "condition": [
                  {
                    "test": "StringEquals",
                    "values": [
                      "sts.amazonaws.com"
                    ],
                    "variable": "oidc.eks.ap-south-1.amazonaws.com/id/9EEDC530FC32AC6EA4D93F1547360647:aud"
                  },
                  {
                    "test": "StringEquals",
                    "values": [
                      "system:serviceaccount:kube-system:aws-load-balancer-controller"
                    ],
                    "variable": "oidc.eks.ap-south-1.amazonaws.com/id/9EEDC530FC32AC6EA4D93F1547360647:sub"
                  }
                ],
                "effect": "Allow",
                "not_actions": [],
                "not_principals": [],
                "not_resources": [],
                "principals": [
                  {
                    "identifiers": [
                      "arn:aws:iam::746760141698:oidc-provider/oidc.eks.ap-south-1.amazonaws.com/id/9EEDC530FC32AC6EA4D93F1547360647"
                    ],
                    "type": "Federated"
                  }
                ],
                "resources": [],
                "sid": ""
              }
            ],
            "version": "2012-10-17"
          },
          "sensitive_attributes": [],
          "identity_schema_version": 0
        }
      ]
    },
    {
      "module": "module.aws_load_balancer_controller_irsa",
      "mode": "managed",
      "type": "aws_iam_role",
      "name": "this",
      "provider": "provider[\"registry.terraform.io/hashicorp/aws\"]",
      "instances": [
        {
          "schema_version": 0,
          "attributes": {
            "arn": "arn:aws:iam::746760141698:role/crystal-production-aws-load-balancer-controller-role",
            "assume_role_policy": "{\"Statement\":[{\"Action\":\"sts:AssumeRoleWithWebIdentity\",\"Condition\":{\"StringEquals\":{\"oidc.eks.ap-south-1.amazonaws.com/id/9EEDC530FC32AC6EA4D93F1547360647:aud\":\"sts.amazonaws.com\",\"oidc.eks.ap-south-1.amazonaws.com/id/9EEDC530FC32AC6EA4D93F1547360647:sub\":\"system:serviceaccount:kube-system:aws-load-balancer-controller\"}},\"Effect\":\"Allow\",\"Principal\":{\"Federated\":\"arn:aws:iam::746760141698:oidc-provider/oidc.eks.ap-south-1.amazonaws.com/id/9EEDC530FC32AC6EA4D93F1547360647\"}}],\"Version\":\"2012-10-17\"}",
            "create_date": "2026-08-02T07:08:15Z",
            "description": "IRSA Role for AWS Load Balancer Controller",
            "force_detach_policies": false,
            "id": "crystal-production-aws-load-balancer-controller-role",
            "inline_policy": [],
            "managed_policy_arns": [],
            "max_session_duration": 3600,
            "name": "crystal-production-aws-load-balancer-controller-role",
            "name_prefix": "",
            "path": "/",
            "permissions_boundary": "",
            "tags": {
              "Environment": "Production",
              "ManagedBy": "Terraform",
              "Name": "crystal-production-aws-load-balancer-controller-role",
              "Project": "Crystal"
            },
            "tags_all": {
              "Environment": "Production",
              "ManagedBy": "Terraform",
              "Name": "crystal-production-aws-load-balancer-controller-role",
              "Project": "Crystal"
            },
            "unique_id": "AROA23XS7POBPU5KZ46E3"
          },
          "sensitive_attributes": [],
          "identity_schema_version": 0,
          "identity": {
            "account_id": "746760141698",
            "name": "crystal-production-aws-load-balancer-controller-role"
          },
          "private": "bnVsbA==",
          "dependencies": [
            "data.terraform_remote_state.oidc",
            "module.aws_load_balancer_controller_irsa.data.aws_iam_policy_document.assume_role"
          ]
        }
      ]
    },
    {
      "module": "module.ebs_csi_irsa",
      "mode": "data",
      "type": "aws_iam_policy_document",
      "name": "assume_role",
      "provider": "provider[\"registry.terraform.io/hashicorp/aws\"]",
      "instances": [
        {
          "schema_version": 0,
          "attributes": {
            "id": "597620329",
            "json": "{\n  \"Version\": \"2012-10-17\",\n  \"Statement\": [\n    {\n      \"Effect\": \"Allow\",\n      \"Action\": \"sts:AssumeRoleWithWebIdentity\",\n      \"Principal\": {\n        \"Federated\": \"arn:aws:iam::746760141698:oidc-provider/oidc.eks.ap-south-1.amazonaws.com/id/9EEDC530FC32AC6EA4D93F1547360647\"\n      },\n      \"Condition\": {\n        \"StringEquals\": {\n          \"oidc.eks.ap-south-1.amazonaws.com/id/9EEDC530FC32AC6EA4D93F1547360647:aud\": \"sts.amazonaws.com\",\n          \"oidc.eks.ap-south-1.amazonaws.com/id/9EEDC530FC32AC6EA4D93F1547360647:sub\": \"system:serviceaccount:kube-system:ebs-csi-controller-sa\"\n        }\n      }\n    }\n  ]\n}",
            "minified_json": "{\"Version\":\"2012-10-17\",\"Statement\":[{\"Effect\":\"Allow\",\"Action\":\"sts:AssumeRoleWithWebIdentity\",\"Principal\":{\"Federated\":\"arn:aws:iam::746760141698:oidc-provider/oidc.eks.ap-south-1.amazonaws.com/id/9EEDC530FC32AC6EA4D93F1547360647\"},\"Condition\":{\"StringEquals\":{\"oidc.eks.ap-south-1.amazonaws.com/id/9EEDC530FC32AC6EA4D93F1547360647:aud\":\"sts.amazonaws.com\",\"oidc.eks.ap-south-1.amazonaws.com/id/9EEDC530FC32AC6EA4D93F1547360647:sub\":\"system:serviceaccount:kube-system:ebs-csi-controller-sa\"}}}]}",
            "override_json": null,
            "override_policy_documents": null,
            "policy_id": null,
            "source_json": null,
            "source_policy_documents": null,
            "statement": [
              {
                "actions": [
                  "sts:AssumeRoleWithWebIdentity"
                ],
                "condition": [
                  {
                    "test": "StringEquals",
                    "values": [
                      "sts.amazonaws.com"
                    ],
                    "variable": "oidc.eks.ap-south-1.amazonaws.com/id/9EEDC530FC32AC6EA4D93F1547360647:aud"
                  },
                  {
                    "test": "StringEquals",
                    "values": [
                      "system:serviceaccount:kube-system:ebs-csi-controller-sa"
                    ],
                    "variable": "oidc.eks.ap-south-1.amazonaws.com/id/9EEDC530FC32AC6EA4D93F1547360647:sub"
                  }
                ],
                "effect": "Allow",
                "not_actions": [],
                "not_principals": [],
                "not_resources": [],
                "principals": [
                  {
                    "identifiers": [
                      "arn:aws:iam::746760141698:oidc-provider/oidc.eks.ap-south-1.amazonaws.com/id/9EEDC530FC32AC6EA4D93F1547360647"
                    ],
                    "type": "Federated"
                  }
                ],
                "resources": [],
                "sid": ""
              }
            ],
            "version": "2012-10-17"
          },
          "sensitive_attributes": [],
          "identity_schema_version": 0
        }
      ]
    },
    {
      "module": "module.ebs_csi_irsa",
      "mode": "managed",
      "type": "aws_iam_role",
      "name": "this",
      "provider": "provider[\"registry.terraform.io/hashicorp/aws\"]",
      "instances": [
        {
          "schema_version": 0,
          "attributes": {
            "arn": "arn:aws:iam::746760141698:role/crystal-production-ebs-csi-role",
            "assume_role_policy": "{\"Statement\":[{\"Action\":\"sts:AssumeRoleWithWebIdentity\",\"Condition\":{\"StringEquals\":{\"oidc.eks.ap-south-1.amazonaws.com/id/9EEDC530FC32AC6EA4D93F1547360647:aud\":\"sts.amazonaws.com\",\"oidc.eks.ap-south-1.amazonaws.com/id/9EEDC530FC32AC6EA4D93F1547360647:sub\":\"system:serviceaccount:kube-system:ebs-csi-controller-sa\"}},\"Effect\":\"Allow\",\"Principal\":{\"Federated\":\"arn:aws:iam::746760141698:oidc-provider/oidc.eks.ap-south-1.amazonaws.com/id/9EEDC530FC32AC6EA4D93F1547360647\"}}],\"Version\":\"2012-10-17\"}",
            "create_date": "2026-08-02T07:08:15Z",
            "description": "IRSA Role for Amazon EBS CSI Driver",
            "force_detach_policies": false,
            "id": "crystal-production-ebs-csi-role",
            "inline_policy": [],
            "managed_policy_arns": [],
            "max_session_duration": 3600,
            "name": "crystal-production-ebs-csi-role",
            "name_prefix": "",
            "path": "/",
            "permissions_boundary": "",
            "tags": {
              "Environment": "Production",
              "ManagedBy": "Terraform",
              "Name": "crystal-production-ebs-csi-role",
              "Project": "Crystal"
            },
            "tags_all": {
              "Environment": "Production",
              "ManagedBy": "Terraform",
              "Name": "crystal-production-ebs-csi-role",
              "Project": "Crystal"
            },
            "unique_id": "AROA23XS7POBCS6UIPN5N"
          },
          "sensitive_attributes": [],
          "identity_schema_version": 0,
          "identity": {
            "account_id": "746760141698",
            "name": "crystal-production-ebs-csi-role"
          },
          "private": "bnVsbA==",
          "dependencies": [
            "data.terraform_remote_state.oidc",
            "module.ebs_csi_irsa.data.aws_iam_policy_document.assume_role"
          ]
        }
      ]
    },
    {
      "module": "module.ebs_csi_irsa",
      "mode": "managed",
      "type": "aws_iam_role_policy_attachment",
      "name": "managed",
      "provider": "provider[\"registry.terraform.io/hashicorp/aws\"]",
      "instances": [
        {
          "index_key": "arn:aws:iam::aws:policy/service-role/AmazonEBSCSIDriverPolicy",
          "schema_version": 0,
          "attributes": {
            "id": "crystal-production-ebs-csi-role/arn:aws:iam::aws:policy/service-role/AmazonEBSCSIDriverPolicy",
            "policy_arn": "arn:aws:iam::aws:policy/service-role/AmazonEBSCSIDriverPolicy",
            "role": "crystal-production-ebs-csi-role"
          },
          "sensitive_attributes": [],
          "identity_schema_version": 0,
          "identity": {
            "account_id": "746760141698",
            "policy_arn": "arn:aws:iam::aws:policy/service-role/AmazonEBSCSIDriverPolicy",
            "role": "crystal-production-ebs-csi-role"
          },
          "private": "bnVsbA==",
          "dependencies": [
            "data.terraform_remote_state.oidc",
            "module.ebs_csi_irsa.aws_iam_role.this",
            "module.ebs_csi_irsa.data.aws_iam_policy_document.assume_role"
          ]
        }
      ]
    }
  ],
  "check_results": null
}
