{
  "version": 4,
  "terraform_version": "1.15.8",
  "serial": 10,
  "lineage": "b5c26476-4038-5a2c-3dd8-db08c648eaf4",
  "outputs": {
    "endpoint_security_group_arn": {
      "value": "arn:aws:ec2:ap-south-1:746760141698:security-group/sg-0d45dbbde64f2c1df",
      "type": "string"
    },
    "endpoint_security_group_id": {
      "value": "sg-0d45dbbde64f2c1df",
      "type": "string"
    },
    "gateway_endpoint_ids": {
      "value": {
        "s3": "vpce-0daecf6710845f98c"
      },
      "type": [
        "object",
        {
          "s3": "string"
        }
      ]
    },
    "gateway_endpoint_prefix_list_ids": {
      "value": {
        "s3": "pl-78a54011"
      },
      "type": [
        "object",
        {
          "s3": "string"
        }
      ]
    },
    "interface_endpoint_arns": {
      "value": {
        "ec2": "arn:aws:ec2:ap-south-1:746760141698:vpc-endpoint/vpce-08d0c18712b7a4217",
        "ec2messages": "arn:aws:ec2:ap-south-1:746760141698:vpc-endpoint/vpce-0984332c23d76c041",
        "ecr-api": "arn:aws:ec2:ap-south-1:746760141698:vpc-endpoint/vpce-0759a8c5044d92540",
        "ecr-dkr": "arn:aws:ec2:ap-south-1:746760141698:vpc-endpoint/vpce-08d65d13a89d57f30",
        "ssm": "arn:aws:ec2:ap-south-1:746760141698:vpc-endpoint/vpce-02c776007338298a3",
        "ssmmessages": "arn:aws:ec2:ap-south-1:746760141698:vpc-endpoint/vpce-018f54c6c539ffdb7",
        "sts": "arn:aws:ec2:ap-south-1:746760141698:vpc-endpoint/vpce-059c800ebfc1f8cde"
      },
      "type": [
        "object",
        {
          "ec2": "string",
          "ec2messages": "string",
          "ecr-api": "string",
          "ecr-dkr": "string",
          "ssm": "string",
          "ssmmessages": "string",
          "sts": "string"
        }
      ]
    },
    "interface_endpoint_ids": {
      "value": {
        "ec2": "vpce-08d0c18712b7a4217",
        "ec2messages": "vpce-0984332c23d76c041",
        "ecr-api": "vpce-0759a8c5044d92540",
        "ecr-dkr": "vpce-08d65d13a89d57f30",
        "ssm": "vpce-02c776007338298a3",
        "ssmmessages": "vpce-018f54c6c539ffdb7",
        "sts": "vpce-059c800ebfc1f8cde"
      },
      "type": [
        "object",
        {
          "ec2": "string",
          "ec2messages": "string",
          "ecr-api": "string",
          "ecr-dkr": "string",
          "ssm": "string",
          "ssmmessages": "string",
          "sts": "string"
        }
      ]
    }
  },
  "resources": [
    {
      "mode": "data",
      "type": "terraform_remote_state",
      "name": "networking",
      "provider": "provider[\"terraform.io/builtin/terraform\"]",
      "instances": [
        {
          "schema_version": 0,
          "attributes": {
            "backend": "local",
            "config": {
              "value": {
                "path": "../networking/terraform.tfstate"
              },
              "type": [
                "object",
                {
                  "path": "string"
                }
              ]
            },
            "defaults": null,
            "outputs": {
              "value": {
                "bastion_security_group_arn": "arn:aws:ec2:ap-south-1:746760141698:security-group/sg-0beffbefbd3048a23",
                "bastion_security_group_id": "sg-0beffbefbd3048a23",
                "internet_gateway_arn": "arn:aws:ec2:ap-south-1:746760141698:internet-gateway/igw-0bfd1fe4ddf2225f9",
                "internet_gateway_id": "igw-0bfd1fe4ddf2225f9",
                "private_network_acl_id": "acl-0bda5c0820f5180f7",
                "private_route_table_arn": "arn:aws:ec2:ap-south-1:746760141698:route-table/rtb-00d43ee5dffb92caf",
                "private_route_table_id": "rtb-00d43ee5dffb92caf",
                "private_subnet_ids": {
                  "crystal-prod-private-subnet-a": "subnet-00e52cdfdac9f330a",
                  "crystal-prod-private-subnet-b": "subnet-007c5eec701ca06ef"
                },
                "public_network_acl_id": "acl-041add3f416ae7ced",
                "public_route_table_arn": "arn:aws:ec2:ap-south-1:746760141698:route-table/rtb-04512183b526bb0f6",
                "public_route_table_id": "rtb-04512183b526bb0f6",
                "public_subnet_ids": {
                  "crystal-prod-public-subnet-a": "subnet-0efa15a86492442c0",
                  "crystal-prod-public-subnet-b": "subnet-0120c325be64e5677"
                },
                "vpc_arn": "arn:aws:ec2:ap-south-1:746760141698:vpc/vpc-0e75815bda5198e04",
                "vpc_cidr": "10.2.0.0/16",
                "vpc_id": "vpc-0e75815bda5198e04"
              },
              "type": [
                "object",
                {
                  "bastion_security_group_arn": "string",
                  "bastion_security_group_id": "string",
                  "internet_gateway_arn": "string",
                  "internet_gateway_id": "string",
                  "private_network_acl_id": "string",
                  "private_route_table_arn": "string",
                  "private_route_table_id": "string",
                  "private_subnet_ids": [
                    "object",
                    {
                      "crystal-prod-private-subnet-a": "string",
                      "crystal-prod-private-subnet-b": "string"
                    }
                  ],
                  "public_network_acl_id": "string",
                  "public_route_table_arn": "string",
                  "public_route_table_id": "string",
                  "public_subnet_ids": [
                    "object",
                    {
                      "crystal-prod-public-subnet-a": "string",
                      "crystal-prod-public-subnet-b": "string"
                    }
                  ],
                  "vpc_arn": "string",
                  "vpc_cidr": "string",
                  "vpc_id": "string"
                }
              ]
            },
            "workspace": null
          },
          "sensitive_attributes": [],
          "identity_schema_version": 0
        }
      ]
    },
    {
      "mode": "managed",
      "type": "aws_security_group",
      "name": "vpc_endpoints",
      "provider": "provider[\"registry.terraform.io/hashicorp/aws\"]",
      "instances": [
        {
          "schema_version": 1,
          "attributes": {
            "arn": "arn:aws:ec2:ap-south-1:746760141698:security-group/sg-0d45dbbde64f2c1df",
            "description": "Security Group for VPC Interface Endpoints",
            "egress": [
              {
                "cidr_blocks": [
                  "0.0.0.0/0"
                ],
                "description": "Allow all outbound traffic",
                "from_port": 0,
                "ipv6_cidr_blocks": [],
                "prefix_list_ids": [],
                "protocol": "-1",
                "security_groups": [],
                "self": false,
                "to_port": 0
              }
            ],
            "id": "sg-0d45dbbde64f2c1df",
            "ingress": [
              {
                "cidr_blocks": [
                  "10.2.0.0/16"
                ],
                "description": "HTTPS from VPC",
                "from_port": 443,
                "ipv6_cidr_blocks": [],
                "prefix_list_ids": [],
                "protocol": "tcp",
                "security_groups": [],
                "self": false,
                "to_port": 443
              }
            ],
            "name": "crystal-production-vpc-endpoints-sg",
            "name_prefix": "",
            "owner_id": "746760141698",
            "region": "ap-south-1",
            "revoke_rules_on_delete": false,
            "tags": {
              "Environment": "Production",
              "ManagedBy": "Terraform",
              "Name": "crystal-production-vpc-endpoints-sg",
              "Project": "Crystal"
            },
            "tags_all": {
              "Environment": "Production",
              "ManagedBy": "Terraform",
              "Name": "crystal-production-vpc-endpoints-sg",
              "Project": "Crystal"
            },
            "timeouts": null,
            "vpc_id": "vpc-0e75815bda5198e04"
          },
          "sensitive_attributes": [],
          "identity_schema_version": 0,
          "identity": {
            "account_id": "746760141698",
            "id": "sg-0d45dbbde64f2c1df",
            "region": "ap-south-1"
          },
          "private": "eyJlMmJmYjczMC1lY2FhLTExZTYtOGY4OC0zNDM2M2JjN2M0YzAiOnsiY3JlYXRlIjo2MDAwMDAwMDAwMDAsImRlbGV0ZSI6OTAwMDAwMDAwMDAwfSwic2NoZW1hX3ZlcnNpb24iOiIxIn0=",
          "dependencies": [
            "data.terraform_remote_state.networking"
          ]
        }
      ]
    },
    {
      "module": "module.production_vpc_endpoints",
      "mode": "data",
      "type": "aws_region",
      "name": "current",
      "provider": "provider[\"registry.terraform.io/hashicorp/aws\"]",
      "instances": [
        {
          "schema_version": 0,
          "attributes": {
            "description": "Asia Pacific (Mumbai)",
            "endpoint": "ec2.ap-south-1.amazonaws.com",
            "id": "ap-south-1",
            "name": "ap-south-1",
            "region": "ap-south-1"
          },
          "sensitive_attributes": [],
          "identity_schema_version": 0
        }
      ]
    },
    {
      "module": "module.production_vpc_endpoints",
      "mode": "managed",
      "type": "aws_vpc_endpoint",
      "name": "gateway",
      "provider": "provider[\"registry.terraform.io/hashicorp/aws\"]",
      "instances": [
        {
          "index_key": "s3",
          "schema_version": 0,
          "attributes": {
            "arn": "arn:aws:ec2:ap-south-1:746760141698:vpc-endpoint/vpce-0daecf6710845f98c",
            "auto_accept": true,
            "cidr_blocks": [
              "52.219.156.0/22",
              "52.219.160.0/23",
              "52.219.62.0/23",
              "3.5.212.0/23",
              "3.5.208.0/22",
              "16.12.3.0/24",
              "16.12.40.0/23",
              "52.219.64.0/22",
              "16.12.36.0/22"
            ],
            "dns_entry": [],
            "dns_options": [
              {
                "dns_record_ip_type": "service-defined",
                "private_dns_only_for_inbound_resolver_endpoint": false,
                "private_dns_preference": "",
                "private_dns_specified_domains": []
              }
            ],
            "id": "vpce-0daecf6710845f98c",
            "ip_address_type": "ipv4",
            "network_interface_ids": [],
            "owner_id": "746760141698",
            "policy": "{\"Statement\":[{\"Action\":\"*\",\"Effect\":\"Allow\",\"Principal\":\"*\",\"Resource\":\"*\"}],\"Version\":\"2008-10-17\"}",
            "prefix_list_id": "pl-78a54011",
            "private_dns_enabled": false,
            "region": "ap-south-1",
            "requester_managed": false,
            "resource_configuration_arn": "",
            "route_table_ids": [
              "rtb-00d43ee5dffb92caf"
            ],
            "security_group_ids": [],
            "service_name": "com.amazonaws.ap-south-1.s3",
            "service_network_arn": "",
            "service_region": "ap-south-1",
            "state": "available",
            "subnet_configuration": [],
            "subnet_ids": [],
            "tags": {
              "Environment": "Production",
              "ManagedBy": "Terraform",
              "Name": "s3",
              "Project": "Crystal"
            },
            "tags_all": {
              "Environment": "Production",
              "ManagedBy": "Terraform",
              "Name": "s3",
              "Project": "Crystal"
            },
            "timeouts": null,
            "vpc_endpoint_type": "Gateway",
            "vpc_id": "vpc-0e75815bda5198e04"
          },
          "sensitive_attributes": [],
          "identity_schema_version": 0,
          "identity": {
            "account_id": "746760141698",
            "id": "vpce-0daecf6710845f98c",
            "region": "ap-south-1"
          },
          "private": "eyJlMmJmYjczMC1lY2FhLTExZTYtOGY4OC0zNDM2M2JjN2M0YzAiOnsiY3JlYXRlIjo2MDAwMDAwMDAwMDAsImRlbGV0ZSI6NjAwMDAwMDAwMDAwLCJ1cGRhdGUiOjYwMDAwMDAwMDAwMH19",
          "dependencies": [
            "data.terraform_remote_state.networking",
            "module.production_vpc_endpoints.data.aws_region.current"
          ]
        }
      ]
    },
    {
      "module": "module.production_vpc_endpoints",
      "mode": "managed",
      "type": "aws_vpc_endpoint",
      "name": "interface",
      "provider": "provider[\"registry.terraform.io/hashicorp/aws\"]",
      "instances": [
        {
          "index_key": "ec2",
          "schema_version": 0,
          "attributes": {
            "arn": "arn:aws:ec2:ap-south-1:746760141698:vpc-endpoint/vpce-08d0c18712b7a4217",
            "auto_accept": true,
            "cidr_blocks": [],
            "dns_entry": [
              {
                "dns_name": "vpce-08d0c18712b7a4217-d7shd1r9.ec2.ap-south-1.vpce.amazonaws.com",
                "hosted_zone_id": "Z2KVTB3ZLFM7JR"
              },
              {
                "dns_name": "vpce-08d0c18712b7a4217-d7shd1r9-ap-south-1b.ec2.ap-south-1.vpce.amazonaws.com",
                "hosted_zone_id": "Z2KVTB3ZLFM7JR"
              },
              {
                "dns_name": "vpce-08d0c18712b7a4217-d7shd1r9-ap-south-1a.ec2.ap-south-1.vpce.amazonaws.com",
                "hosted_zone_id": "Z2KVTB3ZLFM7JR"
              },
              {
                "dns_name": "ec2.ap-south-1.amazonaws.com",
                "hosted_zone_id": "Z03267943FKUSXY6RLAG8"
              },
              {
                "dns_name": "ec2.ap-south-1.api.aws",
                "hosted_zone_id": "Z03267931N2159HSX1SP3"
              }
            ],
            "dns_options": [
              {
                "dns_record_ip_type": "ipv4",
                "private_dns_only_for_inbound_resolver_endpoint": false,
                "private_dns_preference": "",
                "private_dns_specified_domains": []
              }
            ],
            "id": "vpce-08d0c18712b7a4217",
            "ip_address_type": "ipv4",
            "network_interface_ids": [
              "eni-06c658e025f9916b0",
              "eni-07e002293a29e15dd"
            ],
            "owner_id": "746760141698",
            "policy": "{\"Statement\":[{\"Action\":\"*\",\"Effect\":\"Allow\",\"Principal\":\"*\",\"Resource\":\"*\"}]}",
            "prefix_list_id": null,
            "private_dns_enabled": true,
            "region": "ap-south-1",
            "requester_managed": false,
            "resource_configuration_arn": "",
            "route_table_ids": [],
            "security_group_ids": [
              "sg-0d45dbbde64f2c1df"
            ],
            "service_name": "com.amazonaws.ap-south-1.ec2",
            "service_network_arn": "",
            "service_region": "ap-south-1",
            "state": "available",
            "subnet_configuration": [
              {
                "ipv4": "10.2.11.155",
                "ipv6": "",
                "subnet_id": "subnet-00e52cdfdac9f330a"
              },
              {
                "ipv4": "10.2.12.197",
                "ipv6": "",
                "subnet_id": "subnet-007c5eec701ca06ef"
              }
            ],
            "subnet_ids": [
              "subnet-007c5eec701ca06ef",
              "subnet-00e52cdfdac9f330a"
            ],
            "tags": {
              "Environment": "Production",
              "ManagedBy": "Terraform",
              "Name": "ec2",
              "Project": "Crystal"
            },
            "tags_all": {
              "Environment": "Production",
              "ManagedBy": "Terraform",
              "Name": "ec2",
              "Project": "Crystal"
            },
            "timeouts": null,
            "vpc_endpoint_type": "Interface",
            "vpc_id": "vpc-0e75815bda5198e04"
          },
          "sensitive_attributes": [],
          "identity_schema_version": 0,
          "identity": {
            "account_id": "746760141698",
            "id": "vpce-08d0c18712b7a4217",
            "region": "ap-south-1"
          },
          "private": "eyJlMmJmYjczMC1lY2FhLTExZTYtOGY4OC0zNDM2M2JjN2M0YzAiOnsiY3JlYXRlIjo2MDAwMDAwMDAwMDAsImRlbGV0ZSI6NjAwMDAwMDAwMDAwLCJ1cGRhdGUiOjYwMDAwMDAwMDAwMH19",
          "dependencies": [
            "aws_security_group.vpc_endpoints",
            "data.terraform_remote_state.networking",
            "module.production_vpc_endpoints.data.aws_region.current"
          ]
        },
        {
          "index_key": "ec2messages",
          "schema_version": 0,
          "attributes": {
            "arn": "arn:aws:ec2:ap-south-1:746760141698:vpc-endpoint/vpce-0984332c23d76c041",
            "auto_accept": true,
            "cidr_blocks": [],
            "dns_entry": [
              {
                "dns_name": "vpce-0984332c23d76c041-tnhc8ylp.ec2messages.ap-south-1.vpce.amazonaws.com",
                "hosted_zone_id": "Z2KVTB3ZLFM7JR"
              },
              {
                "dns_name": "vpce-0984332c23d76c041-tnhc8ylp-ap-south-1b.ec2messages.ap-south-1.vpce.amazonaws.com",
                "hosted_zone_id": "Z2KVTB3ZLFM7JR"
              },
              {
                "dns_name": "vpce-0984332c23d76c041-tnhc8ylp-ap-south-1a.ec2messages.ap-south-1.vpce.amazonaws.com",
                "hosted_zone_id": "Z2KVTB3ZLFM7JR"
              },
              {
                "dns_name": "ec2messages.ap-south-1.amazonaws.com",
                "hosted_zone_id": "Z0792429173L4WU59Y1SP"
              }
            ],
            "dns_options": [
              {
                "dns_record_ip_type": "ipv4",
                "private_dns_only_for_inbound_resolver_endpoint": false,
                "private_dns_preference": "",
                "private_dns_specified_domains": []
              }
            ],
            "id": "vpce-0984332c23d76c041",
            "ip_address_type": "ipv4",
            "network_interface_ids": [
              "eni-0825988d9ea0ff444",
              "eni-0dd64f74687e228ba"
            ],
            "owner_id": "746760141698",
            "policy": "{\"Statement\":[{\"Action\":\"*\",\"Effect\":\"Allow\",\"Principal\":\"*\",\"Resource\":\"*\"}]}",
            "prefix_list_id": null,
            "private_dns_enabled": true,
            "region": "ap-south-1",
            "requester_managed": false,
            "resource_configuration_arn": "",
            "route_table_ids": [],
            "security_group_ids": [
              "sg-0d45dbbde64f2c1df"
            ],
            "service_name": "com.amazonaws.ap-south-1.ec2messages",
            "service_network_arn": "",
            "service_region": "ap-south-1",
            "state": "available",
            "subnet_configuration": [
              {
                "ipv4": "10.2.11.200",
                "ipv6": "",
                "subnet_id": "subnet-00e52cdfdac9f330a"
              },
              {
                "ipv4": "10.2.12.245",
                "ipv6": "",
                "subnet_id": "subnet-007c5eec701ca06ef"
              }
            ],
            "subnet_ids": [
              "subnet-007c5eec701ca06ef",
              "subnet-00e52cdfdac9f330a"
            ],
            "tags": {
              "Environment": "Production",
              "ManagedBy": "Terraform",
              "Name": "ec2messages",
              "Project": "Crystal"
            },
            "tags_all": {
              "Environment": "Production",
              "ManagedBy": "Terraform",
              "Name": "ec2messages",
              "Project": "Crystal"
            },
            "timeouts": null,
            "vpc_endpoint_type": "Interface",
            "vpc_id": "vpc-0e75815bda5198e04"
          },
          "sensitive_attributes": [],
          "identity_schema_version": 0,
          "identity": {
            "account_id": "746760141698",
            "id": "vpce-0984332c23d76c041",
            "region": "ap-south-1"
          },
          "private": "eyJlMmJmYjczMC1lY2FhLTExZTYtOGY4OC0zNDM2M2JjN2M0YzAiOnsiY3JlYXRlIjo2MDAwMDAwMDAwMDAsImRlbGV0ZSI6NjAwMDAwMDAwMDAwLCJ1cGRhdGUiOjYwMDAwMDAwMDAwMH19",
          "dependencies": [
            "aws_security_group.vpc_endpoints",
            "data.terraform_remote_state.networking",
            "module.production_vpc_endpoints.data.aws_region.current"
          ]
        },
        {
          "index_key": "ecr-api",
          "schema_version": 0,
          "attributes": {
            "arn": "arn:aws:ec2:ap-south-1:746760141698:vpc-endpoint/vpce-0759a8c5044d92540",
            "auto_accept": true,
            "cidr_blocks": [],
            "dns_entry": [
              {
                "dns_name": "vpce-0759a8c5044d92540-tpqt3sq8.api.ecr.ap-south-1.vpce.amazonaws.com",
                "hosted_zone_id": "Z2KVTB3ZLFM7JR"
              },
              {
                "dns_name": "vpce-0759a8c5044d92540-tpqt3sq8-ap-south-1b.api.ecr.ap-south-1.vpce.amazonaws.com",
                "hosted_zone_id": "Z2KVTB3ZLFM7JR"
              },
              {
                "dns_name": "vpce-0759a8c5044d92540-tpqt3sq8-ap-south-1a.api.ecr.ap-south-1.vpce.amazonaws.com",
                "hosted_zone_id": "Z2KVTB3ZLFM7JR"
              },
              {
                "dns_name": "api.ecr.ap-south-1.amazonaws.com",
                "hosted_zone_id": "Z00106012W0SXYYZO8BC2"
              },
              {
                "dns_name": "ecr.ap-south-1.api.aws",
                "hosted_zone_id": "Z02191893O4UDW0LH1VED"
              }
            ],
            "dns_options": [
              {
                "dns_record_ip_type": "ipv4",
                "private_dns_only_for_inbound_resolver_endpoint": false,
                "private_dns_preference": "",
                "private_dns_specified_domains": []
              }
            ],
            "id": "vpce-0759a8c5044d92540",
            "ip_address_type": "ipv4",
            "network_interface_ids": [
              "eni-0af13a309174a9928",
              "eni-0e9d45a8ba7e0c1de"
            ],
            "owner_id": "746760141698",
            "policy": "{\"Statement\":[{\"Action\":\"*\",\"Effect\":\"Allow\",\"Principal\":\"*\",\"Resource\":\"*\"}]}",
            "prefix_list_id": null,
            "private_dns_enabled": true,
            "region": "ap-south-1",
            "requester_managed": false,
            "resource_configuration_arn": "",
            "route_table_ids": [],
            "security_group_ids": [
              "sg-0d45dbbde64f2c1df"
            ],
            "service_name": "com.amazonaws.ap-south-1.ecr.api",
            "service_network_arn": "",
            "service_region": "ap-south-1",
            "state": "available",
            "subnet_configuration": [
              {
                "ipv4": "10.2.11.68",
                "ipv6": "",
                "subnet_id": "subnet-00e52cdfdac9f330a"
              },
              {
                "ipv4": "10.2.12.75",
                "ipv6": "",
                "subnet_id": "subnet-007c5eec701ca06ef"
              }
            ],
            "subnet_ids": [
              "subnet-007c5eec701ca06ef",
              "subnet-00e52cdfdac9f330a"
            ],
            "tags": {
              "Environment": "Production",
              "ManagedBy": "Terraform",
              "Name": "ecr-api",
              "Project": "Crystal"
            },
            "tags_all": {
              "Environment": "Production",
              "ManagedBy": "Terraform",
              "Name": "ecr-api",
              "Project": "Crystal"
            },
            "timeouts": null,
            "vpc_endpoint_type": "Interface",
            "vpc_id": "vpc-0e75815bda5198e04"
          },
          "sensitive_attributes": [],
          "identity_schema_version": 0,
          "identity": {
            "account_id": "746760141698",
            "id": "vpce-0759a8c5044d92540",
            "region": "ap-south-1"
          },
          "private": "eyJlMmJmYjczMC1lY2FhLTExZTYtOGY4OC0zNDM2M2JjN2M0YzAiOnsiY3JlYXRlIjo2MDAwMDAwMDAwMDAsImRlbGV0ZSI6NjAwMDAwMDAwMDAwLCJ1cGRhdGUiOjYwMDAwMDAwMDAwMH19",
          "dependencies": [
            "aws_security_group.vpc_endpoints",
            "data.terraform_remote_state.networking",
            "module.production_vpc_endpoints.data.aws_region.current"
          ]
        },
        {
          "index_key": "ecr-dkr",
          "schema_version": 0,
          "attributes": {
            "arn": "arn:aws:ec2:ap-south-1:746760141698:vpc-endpoint/vpce-08d65d13a89d57f30",
            "auto_accept": true,
            "cidr_blocks": [],
            "dns_entry": [
              {
                "dns_name": "vpce-08d65d13a89d57f30-rtgve8y8.dkr.ecr.ap-south-1.vpce.amazonaws.com",
                "hosted_zone_id": "Z2KVTB3ZLFM7JR"
              },
              {
                "dns_name": "vpce-08d65d13a89d57f30-rtgve8y8-ap-south-1b.dkr.ecr.ap-south-1.vpce.amazonaws.com",
                "hosted_zone_id": "Z2KVTB3ZLFM7JR"
              },
              {
                "dns_name": "vpce-08d65d13a89d57f30-rtgve8y8-ap-south-1a.dkr.ecr.ap-south-1.vpce.amazonaws.com",
                "hosted_zone_id": "Z2KVTB3ZLFM7JR"
              },
              {
                "dns_name": "dkr.ecr.ap-south-1.amazonaws.com",
                "hosted_zone_id": "Z00101962Y7VZBQ0C82GW"
              },
              {
                "dns_name": "*.dkr.ecr.ap-south-1.amazonaws.com",
                "hosted_zone_id": "Z00101962Y7VZBQ0C82GW"
              },
              {
                "dns_name": "dkr-ecr.ap-south-1.on.aws",
                "hosted_zone_id": "Z00111763DO12NZT6O2GN"
              },
              {
                "dns_name": "*.dkr-ecr.ap-south-1.on.aws",
                "hosted_zone_id": "Z00111763DO12NZT6O2GN"
              }
            ],
            "dns_options": [
              {
                "dns_record_ip_type": "ipv4",
                "private_dns_only_for_inbound_resolver_endpoint": false,
                "private_dns_preference": "",
                "private_dns_specified_domains": []
              }
            ],
            "id": "vpce-08d65d13a89d57f30",
            "ip_address_type": "ipv4",
            "network_interface_ids": [
              "eni-098440a9996b78c71",
              "eni-0c58679a473e36dc2"
            ],
            "owner_id": "746760141698",
            "policy": "{\"Statement\":[{\"Action\":\"*\",\"Effect\":\"Allow\",\"Principal\":\"*\",\"Resource\":\"*\"}]}",
            "prefix_list_id": null,
            "private_dns_enabled": true,
            "region": "ap-south-1",
            "requester_managed": false,
            "resource_configuration_arn": "",
            "route_table_ids": [],
            "security_group_ids": [
              "sg-0d45dbbde64f2c1df"
            ],
            "service_name": "com.amazonaws.ap-south-1.ecr.dkr",
            "service_network_arn": "",
            "service_region": "ap-south-1",
            "state": "available",
            "subnet_configuration": [
              {
                "ipv4": "10.2.11.106",
                "ipv6": "",
                "subnet_id": "subnet-00e52cdfdac9f330a"
              },
              {
                "ipv4": "10.2.12.93",
                "ipv6": "",
                "subnet_id": "subnet-007c5eec701ca06ef"
              }
            ],
            "subnet_ids": [
              "subnet-007c5eec701ca06ef",
              "subnet-00e52cdfdac9f330a"
            ],
            "tags": {
              "Environment": "Production",
              "ManagedBy": "Terraform",
              "Name": "ecr-dkr",
              "Project": "Crystal"
            },
            "tags_all": {
              "Environment": "Production",
              "ManagedBy": "Terraform",
              "Name": "ecr-dkr",
              "Project": "Crystal"
            },
            "timeouts": null,
            "vpc_endpoint_type": "Interface",
            "vpc_id": "vpc-0e75815bda5198e04"
          },
          "sensitive_attributes": [],
          "identity_schema_version": 0,
          "identity": {
            "account_id": "746760141698",
            "id": "vpce-08d65d13a89d57f30",
            "region": "ap-south-1"
          },
          "private": "eyJlMmJmYjczMC1lY2FhLTExZTYtOGY4OC0zNDM2M2JjN2M0YzAiOnsiY3JlYXRlIjo2MDAwMDAwMDAwMDAsImRlbGV0ZSI6NjAwMDAwMDAwMDAwLCJ1cGRhdGUiOjYwMDAwMDAwMDAwMH19",
          "dependencies": [
            "aws_security_group.vpc_endpoints",
            "data.terraform_remote_state.networking",
            "module.production_vpc_endpoints.data.aws_region.current"
          ]
        },
        {
          "index_key": "ssm",
          "schema_version": 0,
          "attributes": {
            "arn": "arn:aws:ec2:ap-south-1:746760141698:vpc-endpoint/vpce-02c776007338298a3",
            "auto_accept": true,
            "cidr_blocks": [],
            "dns_entry": [
              {
                "dns_name": "vpce-02c776007338298a3-an01zm0n.ssm.ap-south-1.vpce.amazonaws.com",
                "hosted_zone_id": "Z2KVTB3ZLFM7JR"
              },
              {
                "dns_name": "vpce-02c776007338298a3-an01zm0n-ap-south-1a.ssm.ap-south-1.vpce.amazonaws.com",
                "hosted_zone_id": "Z2KVTB3ZLFM7JR"
              },
              {
                "dns_name": "vpce-02c776007338298a3-an01zm0n-ap-south-1b.ssm.ap-south-1.vpce.amazonaws.com",
                "hosted_zone_id": "Z2KVTB3ZLFM7JR"
              },
              {
                "dns_name": "ssm.ap-south-1.amazonaws.com",
                "hosted_zone_id": "Z00159991Q478PG7XZG2L"
              },
              {
                "dns_name": "ssm.ap-south-1.api.aws",
                "hosted_zone_id": "Z0792791142ATP2QBMRHC"
              }
            ],
            "dns_options": [
              {
                "dns_record_ip_type": "ipv4",
                "private_dns_only_for_inbound_resolver_endpoint": false,
                "private_dns_preference": "",
                "private_dns_specified_domains": []
              }
            ],
            "id": "vpce-02c776007338298a3",
            "ip_address_type": "ipv4",
            "network_interface_ids": [
              "eni-042bfa339489e563f",
              "eni-0ca8f8044072a046e"
            ],
            "owner_id": "746760141698",
            "policy": "{\"Statement\":[{\"Action\":\"*\",\"Effect\":\"Allow\",\"Principal\":\"*\",\"Resource\":\"*\"}]}",
            "prefix_list_id": null,
            "private_dns_enabled": true,
            "region": "ap-south-1",
            "requester_managed": false,
            "resource_configuration_arn": "",
            "route_table_ids": [],
            "security_group_ids": [
              "sg-0d45dbbde64f2c1df"
            ],
            "service_name": "com.amazonaws.ap-south-1.ssm",
            "service_network_arn": "",
            "service_region": "ap-south-1",
            "state": "available",
            "subnet_configuration": [
              {
                "ipv4": "10.2.11.148",
                "ipv6": "",
                "subnet_id": "subnet-00e52cdfdac9f330a"
              },
              {
                "ipv4": "10.2.12.167",
                "ipv6": "",
                "subnet_id": "subnet-007c5eec701ca06ef"
              }
            ],
            "subnet_ids": [
              "subnet-007c5eec701ca06ef",
              "subnet-00e52cdfdac9f330a"
            ],
            "tags": {
              "Environment": "Production",
              "ManagedBy": "Terraform",
              "Name": "ssm",
              "Project": "Crystal"
            },
            "tags_all": {
              "Environment": "Production",
              "ManagedBy": "Terraform",
              "Name": "ssm",
              "Project": "Crystal"
            },
            "timeouts": null,
            "vpc_endpoint_type": "Interface",
            "vpc_id": "vpc-0e75815bda5198e04"
          },
          "sensitive_attributes": [],
          "identity_schema_version": 0,
          "identity": {
            "account_id": "746760141698",
            "id": "vpce-02c776007338298a3",
            "region": "ap-south-1"
          },
          "private": "eyJlMmJmYjczMC1lY2FhLTExZTYtOGY4OC0zNDM2M2JjN2M0YzAiOnsiY3JlYXRlIjo2MDAwMDAwMDAwMDAsImRlbGV0ZSI6NjAwMDAwMDAwMDAwLCJ1cGRhdGUiOjYwMDAwMDAwMDAwMH19",
          "dependencies": [
            "aws_security_group.vpc_endpoints",
            "data.terraform_remote_state.networking",
            "module.production_vpc_endpoints.data.aws_region.current"
          ]
        },
        {
          "index_key": "ssmmessages",
          "schema_version": 0,
          "attributes": {
            "arn": "arn:aws:ec2:ap-south-1:746760141698:vpc-endpoint/vpce-018f54c6c539ffdb7",
            "auto_accept": true,
            "cidr_blocks": [],
            "dns_entry": [
              {
                "dns_name": "vpce-018f54c6c539ffdb7-e3oyfgmg.ssmmessages.ap-south-1.vpce.amazonaws.com",
                "hosted_zone_id": "Z2KVTB3ZLFM7JR"
              },
              {
                "dns_name": "vpce-018f54c6c539ffdb7-e3oyfgmg-ap-south-1a.ssmmessages.ap-south-1.vpce.amazonaws.com",
                "hosted_zone_id": "Z2KVTB3ZLFM7JR"
              },
              {
                "dns_name": "vpce-018f54c6c539ffdb7-e3oyfgmg-ap-south-1b.ssmmessages.ap-south-1.vpce.amazonaws.com",
                "hosted_zone_id": "Z2KVTB3ZLFM7JR"
              },
              {
                "dns_name": "ssmmessages.ap-south-1.amazonaws.com",
                "hosted_zone_id": "Z07938803DTUEJNAE5GKK"
              },
              {
                "dns_name": "ssmmessages.ap-south-1.api.aws",
                "hosted_zone_id": "Z051240412UG6DJPZNKN7"
              }
            ],
            "dns_options": [
              {
                "dns_record_ip_type": "ipv4",
                "private_dns_only_for_inbound_resolver_endpoint": false,
                "private_dns_preference": "",
                "private_dns_specified_domains": []
              }
            ],
            "id": "vpce-018f54c6c539ffdb7",
            "ip_address_type": "ipv4",
            "network_interface_ids": [
              "eni-048e22803961ebd11",
              "eni-07b88c648d08acf1c"
            ],
            "owner_id": "746760141698",
            "policy": "{\"Statement\":[{\"Action\":\"*\",\"Effect\":\"Allow\",\"Principal\":\"*\",\"Resource\":\"*\"}]}",
            "prefix_list_id": null,
            "private_dns_enabled": true,
            "region": "ap-south-1",
            "requester_managed": false,
            "resource_configuration_arn": "",
            "route_table_ids": [],
            "security_group_ids": [
              "sg-0d45dbbde64f2c1df"
            ],
            "service_name": "com.amazonaws.ap-south-1.ssmmessages",
            "service_network_arn": "",
            "service_region": "ap-south-1",
            "state": "available",
            "subnet_configuration": [
              {
                "ipv4": "10.2.11.192",
                "ipv6": "",
                "subnet_id": "subnet-00e52cdfdac9f330a"
              },
              {
                "ipv4": "10.2.12.161",
                "ipv6": "",
                "subnet_id": "subnet-007c5eec701ca06ef"
              }
            ],
            "subnet_ids": [
              "subnet-007c5eec701ca06ef",
              "subnet-00e52cdfdac9f330a"
            ],
            "tags": {
              "Environment": "Production",
              "ManagedBy": "Terraform",
              "Name": "ssmmessages",
              "Project": "Crystal"
            },
            "tags_all": {
              "Environment": "Production",
              "ManagedBy": "Terraform",
              "Name": "ssmmessages",
              "Project": "Crystal"
            },
            "timeouts": null,
            "vpc_endpoint_type": "Interface",
            "vpc_id": "vpc-0e75815bda5198e04"
          },
          "sensitive_attributes": [],
          "identity_schema_version": 0,
          "identity": {
            "account_id": "746760141698",
            "id": "vpce-018f54c6c539ffdb7",
            "region": "ap-south-1"
          },
          "private": "eyJlMmJmYjczMC1lY2FhLTExZTYtOGY4OC0zNDM2M2JjN2M0YzAiOnsiY3JlYXRlIjo2MDAwMDAwMDAwMDAsImRlbGV0ZSI6NjAwMDAwMDAwMDAwLCJ1cGRhdGUiOjYwMDAwMDAwMDAwMH19",
          "dependencies": [
            "aws_security_group.vpc_endpoints",
            "data.terraform_remote_state.networking",
            "module.production_vpc_endpoints.data.aws_region.current"
          ]
        },
        {
          "index_key": "sts",
          "schema_version": 0,
          "attributes": {
            "arn": "arn:aws:ec2:ap-south-1:746760141698:vpc-endpoint/vpce-059c800ebfc1f8cde",
            "auto_accept": true,
            "cidr_blocks": [],
            "dns_entry": [
              {
                "dns_name": "vpce-059c800ebfc1f8cde-sxze4n2y.sts.ap-south-1.vpce.amazonaws.com",
                "hosted_zone_id": "Z2KVTB3ZLFM7JR"
              },
              {
                "dns_name": "vpce-059c800ebfc1f8cde-sxze4n2y-ap-south-1b.sts.ap-south-1.vpce.amazonaws.com",
                "hosted_zone_id": "Z2KVTB3ZLFM7JR"
              },
              {
                "dns_name": "vpce-059c800ebfc1f8cde-sxze4n2y-ap-south-1a.sts.ap-south-1.vpce.amazonaws.com",
                "hosted_zone_id": "Z2KVTB3ZLFM7JR"
              },
              {
                "dns_name": "sts.ap-south-1.amazonaws.com",
                "hosted_zone_id": "Z03272161I64PKZS9SC46"
              },
              {
                "dns_name": "sts.ap-south-1.api.aws",
                "hosted_zone_id": "Z001059723NNHMSEZIRCR"
              }
            ],
            "dns_options": [
              {
                "dns_record_ip_type": "ipv4",
                "private_dns_only_for_inbound_resolver_endpoint": false,
                "private_dns_preference": "",
                "private_dns_specified_domains": []
              }
            ],
            "id": "vpce-059c800ebfc1f8cde",
            "ip_address_type": "ipv4",
            "network_interface_ids": [
              "eni-0aacf903276641b8e",
              "eni-0f8c9c7d9cda8eacd"
            ],
            "owner_id": "746760141698",
            "policy": "{\"Statement\":[{\"Action\":\"*\",\"Effect\":\"Allow\",\"Principal\":\"*\",\"Resource\":\"*\"}]}",
            "prefix_list_id": null,
            "private_dns_enabled": true,
            "region": "ap-south-1",
            "requester_managed": false,
            "resource_configuration_arn": "",
            "route_table_ids": [],
            "security_group_ids": [
              "sg-0d45dbbde64f2c1df"
            ],
            "service_name": "com.amazonaws.ap-south-1.sts",
            "service_network_arn": "",
            "service_region": "ap-south-1",
            "state": "available",
            "subnet_configuration": [
              {
                "ipv4": "10.2.11.123",
                "ipv6": "",
                "subnet_id": "subnet-00e52cdfdac9f330a"
              },
              {
                "ipv4": "10.2.12.194",
                "ipv6": "",
                "subnet_id": "subnet-007c5eec701ca06ef"
              }
            ],
            "subnet_ids": [
              "subnet-007c5eec701ca06ef",
              "subnet-00e52cdfdac9f330a"
            ],
            "tags": {
              "Environment": "Production",
              "ManagedBy": "Terraform",
              "Name": "sts",
              "Project": "Crystal"
            },
            "tags_all": {
              "Environment": "Production",
              "ManagedBy": "Terraform",
              "Name": "sts",
              "Project": "Crystal"
            },
            "timeouts": null,
            "vpc_endpoint_type": "Interface",
            "vpc_id": "vpc-0e75815bda5198e04"
          },
          "sensitive_attributes": [],
          "identity_schema_version": 0,
          "identity": {
            "account_id": "746760141698",
            "id": "vpce-059c800ebfc1f8cde",
            "region": "ap-south-1"
          },
          "private": "eyJlMmJmYjczMC1lY2FhLTExZTYtOGY4OC0zNDM2M2JjN2M0YzAiOnsiY3JlYXRlIjo2MDAwMDAwMDAwMDAsImRlbGV0ZSI6NjAwMDAwMDAwMDAwLCJ1cGRhdGUiOjYwMDAwMDAwMDAwMH19",
          "dependencies": [
            "aws_security_group.vpc_endpoints",
            "data.terraform_remote_state.networking",
            "module.production_vpc_endpoints.data.aws_region.current"
          ]
        }
      ]
    }
  ],
  "check_results": null
}
