{
  "version": 4,
  "terraform_version": "1.15.8",
  "serial": 1,
  "lineage": "f0c1dd2d-41c7-8cac-c07a-e2e13ffb45b7",
  "outputs": {
    "chart_name": {
      "value": "aws-load-balancer-controller",
      "type": "string"
    },
    "chart_version": {
      "value": "1.14.0",
      "type": "string"
    },
    "release_name": {
      "value": "aws-load-balancer-controller",
      "type": "string"
    },
    "release_namespace": {
      "value": "kube-system",
      "type": "string"
    },
    "release_status": {
      "value": "deployed",
      "type": "string"
    }
  },
  "resources": [
    {
      "mode": "data",
      "type": "aws_eks_cluster_auth",
      "name": "this",
      "provider": "provider[\"registry.terraform.io/hashicorp/aws\"]",
      "instances": [
        {
          "schema_version": 0,
          "attributes": {
            "id": "crystal-production-eks",
            "name": "crystal-production-eks",
            "region": "ap-south-1",
            "token": "k8s-aws-v1.aHR0cHM6Ly9zdHMuYXAtc291dGgtMS5hbWF6b25hd3MuY29tLz9BY3Rpb249R2V0Q2FsbGVySWRlbnRpdHkmVmVyc2lvbj0yMDExLTA2LTE1JlgtQW16LUFsZ29yaXRobT1BV1M0LUhNQUMtU0hBMjU2JlgtQW16LUNyZWRlbnRpYWw9QVNJQTIzWFM3UE9CS0lSNVRVWTQlMkYyMDI2MDgwMiUyRmFwLXNvdXRoLTElMkZzdHMlMkZhd3M0X3JlcXVlc3QmWC1BbXotRGF0ZT0yMDI2MDgwMlQwODA2NTZaJlgtQW16LUV4cGlyZXM9MCZYLUFtei1TZWN1cml0eS1Ub2tlbj1JUW9KYjNKcFoybHVYMlZqRUJBYUNtRndMWE52ZFhSb0xURWlSekJGQWlBRmVmZXdkM29vWCUyRjN3RnlzJTJCM3hDbGpsQjN5eHM4R3A0bXpEWVF6b001V3dJaEFPRjFCZG9ydGVWYWJ5cUhPYnphdUFYRHlpJTJGcXRIbThramYlMkZVWW52bzVBTUt0TURDTm4lMkYlMkYlMkYlMkYlMkYlMkYlMkYlMkYlMkYlMkZ3RVFBQm9NTnpRMk56WXdNVFF4TmprNElneEV3T0FVOWlwbjFGcmZqa0VxcHdQR0dJd3lPT0k5Uzc4QVFhZGJkWjglMkJyY2xrQkNnczAlMkJrWmg3V1pRNE9vR0RrMyUyRnN4bjlCJTJGOEo4JTJGQlQlMkJPb3hMRm0wcUViaFcwaEh5aEh5ellNaU5IcDY3ODJWN2hrTlVBaFZOYWp5YmdRRVdmdnZ0ODA0WGxlRyUyRmFqb3RsMGh1RkNrJTJGN3E3OEJSMTdiNWJpMlk5TVhxS1czVEJmZEMyMkRjZEh3aW8lMkJZaWFONXRWb0FPbVVRalRBNWxibTJyS0VYVmw0UUhCMElvUzBGckNaWUM1NkNPZjhIUTg4V01jbkkyRWdSbE9paXAzTnQxMkJ5UlZrQkdFSWk2MCUyQmJ6R3dYVGE4bzhSNG9HYjhxMG5hd1JObnh4V1B4NVNVQ1RnanA1NEdPbkpHMzN6ZmclMkY4VXQ1ekN3VHp0VXMzU24ySmclMkZSWjRSdDJtTFJ0SURSU2hzcTRRamE4bTJBZWlsYVNjOGtvJTJGczhDS2x4enR1OVhDT2YlMkZSS3FwJTJCQ2FJN2FvWVlzQ0tFeW5FSGx5S0tjbk5WejVKc3RYZ1J0MyUyQmJ5SXd6UDhzcWtoa25Wb0ZqWHRCRHFXQWMySnJrUGZ5azl5dCUyQlVoTGFrcUVFTyUyQnd6N1Z5c1dVMjl1TENHNkR3WGpybUNENVE3bVJ1Y2txSzhsaWtZNVQ5SWhYUUhucXNoUSUyQmxFR05GdVNWQ3FVaXM4ZmFWRWF4YkZRSHJLanpZN2tlTFJ6aXVKOFRkTm1iWk90NUVvWHVHMXd3bnZXNzB3WTZxQUdLZVVwQk1BSCUyQkFBb1NXMmlrS3NOZUZJOEhia0ZZbUhHTGZ2RTcyc3c3eSUyQkZ4cCUyRklXZ09Ub0pmaDglMkZORSUyRk5oM0cxOSUyQnM0UHdmQyUyRjFNRWtjJTJCY2R1MFJ2biUyRkQwa2wzUkgxYkJtRXd4bEU2YXhqd3JYSUpCREpxUXFWJTJGRWZpeldQd1dTa0VMTzBnWDBWVWVpWHVXeTBDWllyWUx2cnEyZzVCblNrUWtJVGhSM0JJNU1zaFJNU3E0bXRPYlN6JTJGSHY5bWZ4TGhCdDQlMkJ4ZUltYVFFV1FiZGtQc0RnRzJJWDJPUSUzRCZYLUFtei1TaWduZWRIZWFkZXJzPWhvc3QlM0J4LWs4cy1hd3MtaWQmWC1BbXotU2lnbmF0dXJlPWM1NzQ1YTkyMmUzMzdlMDNlNzQ0ODU4OWZkMTYzN2EyNDM5MTM5ODEwMDA1NGVjYTQyMjUxMWI2MmVlNTc0NTQ"
          },
          "sensitive_attributes": [
            [
              {
                "type": "get_attr",
                "value": "token"
              }
            ]
          ],
          "identity_schema_version": 0
        }
      ]
    },
    {
      "mode": "data",
      "type": "terraform_remote_state",
      "name": "eks_cluster",
      "provider": "provider[\"terraform.io/builtin/terraform\"]",
      "instances": [
        {
          "schema_version": 0,
          "attributes": {
            "backend": "local",
            "config": {
              "value": {
                "path": "../eks-cluster/terraform.tfstate"
              },
              "type": [
                "object",
                {
                  "path": "string"
                }
              ]
            },
            "defaults": null,
            "outputs": {
              "value": {
                "cluster_arn": "arn:aws:eks:ap-south-1:746760141698:cluster/crystal-production-eks",
                "cluster_certificate_authority_data": "LS0tLS1CRUdJTiBDRVJUSUZJQ0FURS0tLS0tCk1JSURCVENDQWUyZ0F3SUJBZ0lJSkRGaWZLQzFwTVl3RFFZSktvWklodmNOQVFFTEJRQXdGVEVUTUJFR0ExVUUKQXhNS2EzVmlaWEp1WlhSbGN6QWVGdzB5TmpBNE1ERXhNVE0yTXpkYUZ3MHpOakEzTWpreE1UUXhNemRhTUJVeApFekFSQmdOVkJBTVRDbXQxWW1WeWJtVjBaWE13Z2dFaU1BMEdDU3FHU0liM0RRRUJBUVVBQTRJQkR3QXdnZ0VLCkFvSUJBUURZdVduWFZvRkYzMzZOUTRtdWl4RHA0UUxkaEpqeEdTVWVsVHdzc2N2NWJ3eGhDRGVoUU51cHkwaVQKYjdETFBJeDRoK2NTK1hYK0s3RGVRTEpscUNaakJoMjVnbC9RL2MrSHBrbnE5ZEVNeUg5T25leGxyYnNQbWlBNApLM2FnUnNLY2xka09aWjJKK256RUZXclh3YzFwdUtpS2NsdngzNFhPanVmd0FTcnVmbDhoUDhOakk5ZzZRRTNVClljdkQvTTkwd3lSMjdJYWdCemtmaXRTTGFqZlBINVFtMld5eHhTZXhETXB4NnBlSXdlc3J5WG9DYmdaU09jb0kKdytQUEdGSC90UFl6MHVKeDJuTHhtQkJwUDhZbVI1bklYLzVtdU5MTWJYS0pNeE5kVHRXRldITkcvM1B0L3dxQwpiL2w0cG1XbmRhaWFHajl0WmtpQy9hZW5MK2FsQWdNQkFBR2pXVEJYTUE0R0ExVWREd0VCL3dRRUF3SUNwREFQCkJnTlZIUk1CQWY4RUJUQURBUUgvTUIwR0ExVWREZ1FXQkJRV0RGTDhEbjFzOUFBVFJxRXczZ0RreElvZWV6QVYKQmdOVkhSRUVEakFNZ2dwcmRXSmxjbTVsZEdWek1BMEdDU3FHU0liM0RRRUJDd1VBQTRJQkFRQ09pMmpGS0V1ZQpxMHdTN3ZUc1BRUWlEVDMyS21WaHlqaTJYL0xHanpJNzhxOE5LSkh2ZWlWTWZPZWg4QWdDRzNzMk9JOXhucnFNCm9SNGs2YnlnZHZNYW02ZFZjVjlmb3orVnlselFNWHVGQThZT0xZdnFVaERiZzRjd0lkMk5LV2diT3dRMUdQQUcKd1l5aktjai9JWW5XTk14ZXJwQlBHdml2WGlaMnB1c1JpWnBWSVlNcWhsZ2RwZzlMS0c1NVVwNzZ0UGo4cGJGNwo4Qnkxc0wyb1lhZDJWNHFhSENIUmhXQ3dTeVZ1NVdFdFN4ZTJLVW85aFYxWmRLTUN4UVRvT0VKbktIcW1FYVlMCndyZXg4bEhrd1ZWQlBhQ0M3c2lxWE5HUlpTZFJSWkkvcEFkbE5yUVdIVkFBbXBqT1JYU3FCcjlxcWFzV0lwQ1IKOGpGUU9tZGFvajZUCi0tLS0tRU5EIENFUlRJRklDQVRFLS0tLS0K",
                "cluster_endpoint": "https://9EEDC530FC32AC6EA4D93F1547360647.gr7.ap-south-1.eks.amazonaws.com",
                "cluster_id": "crystal-production-eks",
                "cluster_name": "crystal-production-eks",
                "cluster_oidc_issuer_url": "https://oidc.eks.ap-south-1.amazonaws.com/id/9EEDC530FC32AC6EA4D93F1547360647",
                "cluster_role_arn": "arn:aws:iam::746760141698:role/crystal-production-eks-cluster-role",
                "cluster_role_name": "crystal-production-eks-cluster-role",
                "cluster_security_group_id": "sg-0fc0d2c012ec463b2",
                "cluster_status": "ACTIVE",
                "cluster_version": "1.34",
                "platform_version": "eks.29"
              },
              "type": [
                "object",
                {
                  "cluster_arn": "string",
                  "cluster_certificate_authority_data": "string",
                  "cluster_endpoint": "string",
                  "cluster_id": "string",
                  "cluster_name": "string",
                  "cluster_oidc_issuer_url": "string",
                  "cluster_role_arn": "string",
                  "cluster_role_name": "string",
                  "cluster_security_group_id": "string",
                  "cluster_status": "string",
                  "cluster_version": "string",
                  "platform_version": "string"
                }
              ]
            },
            "workspace": null
          },
          "sensitive_attributes": [],
          "identity_schema_version": 0
        }
      ]
    },
    {
      "mode": "data",
      "type": "terraform_remote_state",
      "name": "irsa",
      "provider": "provider[\"terraform.io/builtin/terraform\"]",
      "instances": [
        {
          "schema_version": 0,
          "attributes": {
            "backend": "local",
            "config": {
              "value": {
                "path": "../irsa/terraform.tfstate"
              },
              "type": [
                "object",
                {
                  "path": "string"
                }
              ]
            },
            "defaults": null,
            "outputs": {
              "value": {
                "alb_controller_role_arn": "arn:aws:iam::746760141698:role/crystal-production-aws-load-balancer-controller-role",
                "ebs_csi_role_arn": "arn:aws:iam::746760141698:role/crystal-production-ebs-csi-role"
              },
              "type": [
                "object",
                {
                  "alb_controller_role_arn": "string",
                  "ebs_csi_role_arn": "string"
                }
              ]
            },
            "workspace": null
          },
          "sensitive_attributes": [],
          "identity_schema_version": 0
        }
      ]
    },
    {
      "mode": "data",
      "type": "terraform_remote_state",
      "name": "networking",
      "provider": "provider[\"terraform.io/builtin/terraform\"]",
      "instances": [
        {
          "schema_version": 0,
          "attributes": {
            "backend": "local",
            "config": {
              "value": {
                "path": "../networking/terraform.tfstate"
              },
              "type": [
                "object",
                {
                  "path": "string"
                }
              ]
            },
            "defaults": null,
            "outputs": {
              "value": {
                "bastion_security_group_arn": "arn:aws:ec2:ap-south-1:746760141698:security-group/sg-0beffbefbd3048a23",
                "bastion_security_group_id": "sg-0beffbefbd3048a23",
                "internet_gateway_arn": "arn:aws:ec2:ap-south-1:746760141698:internet-gateway/igw-0bfd1fe4ddf2225f9",
                "internet_gateway_id": "igw-0bfd1fe4ddf2225f9",
                "nat_gateway_elastic_ip": "65.0.218.0",
                "nat_gateway_elastic_ip_allocation_id": "eipalloc-0a5f9883b39c7a97b",
                "nat_gateway_id": "nat-0544abf333010b983",
                "nat_gateway_private_ip": "10.2.1.156",
                "nat_gateway_public_ip": "65.0.218.0",
                "private_route_table_arn": "arn:aws:ec2:ap-south-1:746760141698:route-table/rtb-00d43ee5dffb92caf",
                "private_route_table_id": "rtb-00d43ee5dffb92caf",
                "private_subnet_ids": {
                  "crystal-prod-private-subnet-a": "subnet-00e52cdfdac9f330a",
                  "crystal-prod-private-subnet-b": "subnet-007c5eec701ca06ef"
                },
                "public_route_table_arn": "arn:aws:ec2:ap-south-1:746760141698:route-table/rtb-04512183b526bb0f6",
                "public_route_table_id": "rtb-04512183b526bb0f6",
                "public_subnet_ids": {
                  "crystal-prod-public-subnet-a": "subnet-0efa15a86492442c0",
                  "crystal-prod-public-subnet-b": "subnet-0120c325be64e5677"
                },
                "vpc_arn": "arn:aws:ec2:ap-south-1:746760141698:vpc/vpc-0e75815bda5198e04",
                "vpc_cidr": "10.2.0.0/16",
                "vpc_id": "vpc-0e75815bda5198e04"
              },
              "type": [
                "object",
                {
                  "bastion_security_group_arn": "string",
                  "bastion_security_group_id": "string",
                  "internet_gateway_arn": "string",
                  "internet_gateway_id": "string",
                  "nat_gateway_elastic_ip": "string",
                  "nat_gateway_elastic_ip_allocation_id": "string",
                  "nat_gateway_id": "string",
                  "nat_gateway_private_ip": "string",
                  "nat_gateway_public_ip": "string",
                  "private_route_table_arn": "string",
                  "private_route_table_id": "string",
                  "private_subnet_ids": [
                    "object",
                    {
                      "crystal-prod-private-subnet-a": "string",
                      "crystal-prod-private-subnet-b": "string"
                    }
                  ],
                  "public_route_table_arn": "string",
                  "public_route_table_id": "string",
                  "public_subnet_ids": [
                    "object",
                    {
                      "crystal-prod-public-subnet-a": "string",
                      "crystal-prod-public-subnet-b": "string"
                    }
                  ],
                  "vpc_arn": "string",
                  "vpc_cidr": "string",
                  "vpc_id": "string"
                }
              ]
            },
            "workspace": null
          },
          "sensitive_attributes": [],
          "identity_schema_version": 0
        }
      ]
    },
    {
      "module": "module.production_aws_load_balancer_controller",
      "mode": "managed",
      "type": "helm_release",
      "name": "this",
      "provider": "provider[\"registry.terraform.io/hashicorp/helm\"]",
      "instances": [
        {
          "schema_version": 2,
          "attributes": {
            "atomic": false,
            "chart": "aws-load-balancer-controller",
            "cleanup_on_fail": true,
            "create_namespace": false,
            "dependency_update": false,
            "description": null,
            "devel": null,
            "disable_crd_hooks": false,
            "disable_openapi_validation": false,
            "disable_webhooks": false,
            "force_update": false,
            "id": "aws-load-balancer-controller",
            "keyring": null,
            "lint": false,
            "manifest": null,
            "max_history": 0,
            "metadata": {
              "app_version": "v2.14.0",
              "chart": "aws-load-balancer-controller",
              "first_deployed": 1785658022,
              "last_deployed": 1785658022,
              "name": "aws-load-balancer-controller",
              "namespace": "kube-system",
              "notes": "AWS Load Balancer controller installed!\n",
              "revision": 1,
              "values": "{\"clusterName\":\"crystal-production-eks\",\"region\":\"ap-south-1\",\"serviceAccount\":{\"annotations\":{\"eks.amazonaws.com/role-arn\":\"arn:aws:iam::746760141698:role/crystal-production-aws-load-balancer-controller-role\"},\"create\":true,\"name\":\"aws-load-balancer-controller\"},\"vpcId\":\"vpc-0e75815bda5198e04\"}",
              "version": "1.14.0"
            },
            "name": "aws-load-balancer-controller",
            "namespace": "kube-system",
            "pass_credentials": false,
            "postrender": null,
            "recreate_pods": false,
            "render_subchart_notes": true,
            "replace": false,
            "repository": "https://aws.github.io/eks-charts",
            "repository_ca_file": null,
            "repository_cert_file": null,
            "repository_key_file": null,
            "repository_password": null,
            "repository_username": null,
            "reset_values": false,
            "resources": null,
            "reuse_values": false,
            "set": [
              {
                "name": "clusterName",
                "type": "",
                "value": "crystal-production-eks"
              },
              {
                "name": "region",
                "type": "",
                "value": "ap-south-1"
              },
              {
                "name": "vpcId",
                "type": "",
                "value": "vpc-0e75815bda5198e04"
              },
              {
                "name": "serviceAccount.create",
                "type": "",
                "value": "true"
              },
              {
                "name": "serviceAccount.name",
                "type": "",
                "value": "aws-load-balancer-controller"
              },
              {
                "name": "serviceAccount.annotations.eks\\.amazonaws\\.com/role-arn",
                "type": "",
                "value": "arn:aws:iam::746760141698:role/crystal-production-aws-load-balancer-controller-role"
              }
            ],
            "set_list": null,
            "set_sensitive": null,
            "set_wo": null,
            "set_wo_revision": null,
            "skip_crds": false,
            "status": "deployed",
            "take_ownership": false,
            "timeout": 600,
            "timeouts": null,
            "upgrade_install": false,
            "values": null,
            "verify": false,
            "version": "1.14.0",
            "wait": true,
            "wait_for_jobs": false
          },
          "sensitive_attributes": [
            [
              {
                "type": "get_attr",
                "value": "repository_password"
              }
            ]
          ],
          "identity_schema_version": 0,
          "identity": {
            "namespace": "kube-system",
            "release_name": "aws-load-balancer-controller"
          },
          "dependencies": [
            "data.aws_eks_cluster_auth.this",
            "data.terraform_remote_state.eks_cluster",
            "data.terraform_remote_state.irsa",
            "data.terraform_remote_state.networking"
          ]
        }
      ]
    }
  ],
  "check_results": null
}
